// !$*UTF8*$!
{
	archiveVersion = 1;
	classes = {
	};
	objectVersion = 46;
	objects = {

/* Begin PBXBuildFile section */
		0752582014F04B6E00881380 /* TSCalendar.m in Sources */ = {isa = PBXBuildFile; fileRef = 0752581F14F04B6E00881380 /* TSCalendar.m */; };
		0752582214F05DE400881380 /* EventKit.framework in Frameworks */ = {isa = PBXBuildFile; fileRef = 0752582114F05DE400881380 /* EventKit.framework */; };
		0752582414F0774B00881380 /* QuartzCore.framework in Frameworks */ = {isa = PBXBuildFile; fileRef = 0752582314F0774B00881380 /* QuartzCore.framework */; };
		0752582714F079DC00881380 /* TSLabel.m in Sources */ = {isa = PBXBuildFile; fileRef = 0752582614F079DB00881380 /* TSLabel.m */; };
		0752582A14F08A4700881380 /* NSNotificationCenter+MainThread.m in Sources */ = {isa = PBXBuildFile; fileRef = 0752582914F08A4700881380 /* NSNotificationCenter+MainThread.m */; };
		0752582D14F08B2E00881380 /* TSBackgroundService.m in Sources */ = {isa = PBXBuildFile; fileRef = 0752582C14F08B2D00881380 /* TSBackgroundService.m */; };
		075502C114F5CB4600F463C9 /* Icon-72.png in Resources */ = {isa = PBXBuildFile; fileRef = 075502BE14F5CB4600F463C9 /* Icon-72.png */; };
		075502C214F5CB4600F463C9 /* Icon-Small-50.png in Resources */ = {isa = PBXBuildFile; fileRef = 075502BF14F5CB4600F463C9 /* Icon-Small-50.png */; };
		075502C314F5CB4600F463C9 /* iTunesArtwork in Resources */ = {isa = PBXBuildFile; fileRef = 075502C014F5CB4600F463C9 /* iTunesArtwork */; };
		0764CB3A14EE287100559289 /* UIKit.framework in Frameworks */ = {isa = PBXBuildFile; fileRef = 0764CB3914EE287100559289 /* UIKit.framework */; };
		0764CB3C14EE287100559289 /* Foundation.framework in Frameworks */ = {isa = PBXBuildFile; fileRef = 0764CB3B14EE287100559289 /* Foundation.framework */; };
		0764CB3E14EE287100559289 /* CoreGraphics.framework in Frameworks */ = {isa = PBXBuildFile; fileRef = 0764CB3D14EE287100559289 /* CoreGraphics.framework */; };
		0764CB4414EE287100559289 /* InfoPlist.strings in Resources */ = {isa = PBXBuildFile; fileRef = 0764CB4214EE287100559289 /* InfoPlist.strings */; };
		0764CB4614EE287100559289 /* main.m in Sources */ = {isa = PBXBuildFile; fileRef = 0764CB4514EE287100559289 /* main.m */; };
		0764CB4A14EE287100559289 /* TSAppDelegate.m in Sources */ = {isa = PBXBuildFile; fileRef = 0764CB4914EE287100559289 /* TSAppDelegate.m */; };
		0764CB5014EE287100559289 /* TSViewController.m in Sources */ = {isa = PBXBuildFile; fileRef = 0764CB4F14EE287100559289 /* TSViewController.m */; };
		0764CB5914EE287100559289 /* UIKit.framework in Frameworks */ = {isa = PBXBuildFile; fileRef = 0764CB3914EE287100559289 /* UIKit.framework */; };
		0764CB5A14EE287100559289 /* Foundation.framework in Frameworks */ = {isa = PBXBuildFile; fileRef = 0764CB3B14EE287100559289 /* Foundation.framework */; };
		0764CB6214EE287100559289 /* InfoPlist.strings in Resources */ = {isa = PBXBuildFile; fileRef = 0764CB6014EE287100559289 /* InfoPlist.strings */; };
		0764CB6514EE287100559289 /* TodayStationTests.m in Sources */ = {isa = PBXBuildFile; fileRef = 0764CB6414EE287100559289 /* TodayStationTests.m */; };
		0764CB8814EE299000559289 /* TSCache.m in Sources */ = {isa = PBXBuildFile; fileRef = 0764CB8714EE299000559289 /* TSCache.m */; };
		0764CB8B14EE2A3E00559289 /* TSWeatherController.m in Sources */ = {isa = PBXBuildFile; fileRef = 0764CB8A14EE2A3E00559289 /* TSWeatherController.m */; };
		0764CB8E14EE2A8200559289 /* TSWeatherIcons.m in Sources */ = {isa = PBXBuildFile; fileRef = 0764CB8D14EE2A8200559289 /* TSWeatherIcons.m */; };
		0764CB9114EE2AB400559289 /* TSWeatherService.m in Sources */ = {isa = PBXBuildFile; fileRef = 0764CB9014EE2AB400559289 /* TSWeatherService.m */; };
		0764CB9414EE2AFD00559289 /* TSWunderground.m in Sources */ = {isa = PBXBuildFile; fileRef = 0764CB9314EE2AFC00559289 /* TSWunderground.m */; };
		0764CB9714EE2B3800559289 /* TSWundergroundController.m in Sources */ = {isa = PBXBuildFile; fileRef = 0764CB9614EE2B3800559289 /* TSWundergroundController.m */; };
		0764CB9914EE2BE900559289 /* MainStoryboard.storyboard in Resources */ = {isa = PBXBuildFile; fileRef = 0764CB9814EE2BE900559289 /* MainStoryboard.storyboard */; };
		0764CB9F14EE2E4200559289 /* TSCacheTests.m in Sources */ = {isa = PBXBuildFile; fileRef = 0764CB9E14EE2E4200559289 /* TSCacheTests.m */; };
		0764CBA614EE488300559289 /* NSDictionary+TSUtil.m in Sources */ = {isa = PBXBuildFile; fileRef = 0764CBA414EE47A700559289 /* NSDictionary+TSUtil.m */; };
		0764CBF314EF565800559289 /* TSUtil.m in Sources */ = {isa = PBXBuildFile; fileRef = 0764CBA814EF241D00559289 /* TSUtil.m */; };
		0764CBFF14EF635600559289 /* TSWundergroundForeCont.m in Sources */ = {isa = PBXBuildFile; fileRef = 0764CBFE14EF635500559289 /* TSWundergroundForeCont.m */; };
		0764CC0214EF792400559289 /* TSWundergroundHourlyCont.m in Sources */ = {isa = PBXBuildFile; fileRef = 0764CC0114EF792300559289 /* TSWundergroundHourlyCont.m */; };
		07C5996914F235DF009F5BDA /* TSSelectCityController.m in Sources */ = {isa = PBXBuildFile; fileRef = 07C5996814F235DE009F5BDA /* TSSelectCityController.m */; };
		07D56A3014F3991500732CF3 /* Images in Resources */ = {isa = PBXBuildFile; fileRef = 07D56A2F14F3991500732CF3 /* Images */; };
		07D56A3314F44FC300732CF3 /* TSSettingsController.m in Sources */ = {isa = PBXBuildFile; fileRef = 07D56A3214F44FC300732CF3 /* TSSettingsController.m */; };
		07D56A3A14F46EBB00732CF3 /* TSTempUnitController.m in Sources */ = {isa = PBXBuildFile; fileRef = 07D56A3914F46EBA00732CF3 /* TSTempUnitController.m */; };
		07D56A3D14F4719300732CF3 /* TSSettings.m in Sources */ = {isa = PBXBuildFile; fileRef = 07D56A3C14F4719200732CF3 /* TSSettings.m */; };
		07D56A4014F47C1300732CF3 /* TSTimeUnitController.m in Sources */ = {isa = PBXBuildFile; fileRef = 07D56A3F14F47C1300732CF3 /* TSTimeUnitController.m */; };
		07D56A4714F4829D00732CF3 /* TSColorController.m in Sources */ = {isa = PBXBuildFile; fileRef = 07D56A4614F4829D00732CF3 /* TSColorController.m */; };
		07D56A4A14F4842D00732CF3 /* TSColors.m in Sources */ = {isa = PBXBuildFile; fileRef = 07D56A4914F4842D00732CF3 /* TSColors.m */; };
		07E4C1CA14F0BE73009A6AC1 /* TSLocation.m in Sources */ = {isa = PBXBuildFile; fileRef = 07E4C1C914F0BE73009A6AC1 /* TSLocation.m */; };
		07E4C1CC14F0C09D009A6AC1 /* CoreLocation.framework in Frameworks */ = {isa = PBXBuildFile; fileRef = 07E4C1CB14F0C09D009A6AC1 /* CoreLocation.framework */; };
		07E4C1DC14F0DE6E009A6AC1 /* TSBusy.m in Sources */ = {isa = PBXBuildFile; fileRef = 07E4C1DB14F0DE6E009A6AC1 /* TSBusy.m */; };
		07E4CDA714F3024D00867F04 /* TSRecent.m in Sources */ = {isa = PBXBuildFile; fileRef = 07E4CDA614F3024D00867F04 /* TSRecent.m */; };
		07F60E9214F33017000C9316 /* TSSelectStationController.m in Sources */ = {isa = PBXBuildFile; fileRef = 07F60E9114F33017000C9316 /* TSSelectStationController.m */; };
/* End PBXBuildFile section */

/* Begin PBXContainerItemProxy section */
		0764CB5B14EE287100559289 /* PBXContainerItemProxy */ = {
			isa = PBXContainerItemProxy;
			containerPortal = 0764CB2C14EE287000559289 /* Project object */;
			proxyType = 1;
			remoteGlobalIDString = 0764CB3414EE287100559289;
			remoteInfo = TodayStation;
		};
/* End PBXContainerItemProxy section */

/* Begin PBXFileReference section */
		0752581E14F04B6E00881380 /* TSCalendar.h */ = {isa = PBXFileReference; fileEncoding = 4; lastKnownFileType = sourcecode.c.h; path = TSCalendar.h; sourceTree = "<group>"; };
		0752581F14F04B6E00881380 /* TSCalendar.m */ = {isa = PBXFileReference; fileEncoding = 4; lastKnownFileType = sourcecode.c.objc; path = TSCalendar.m; sourceTree = "<group>"; };
		0752582114F05DE400881380 /* EventKit.framework */ = {isa = PBXFileReference; lastKnownFileType = wrapper.framework; name = EventKit.framework; path = System/Library/Frameworks/EventKit.framework; sourceTree = SDKROOT; };
		0752582314F0774B00881380 /* QuartzCore.framework */ = {isa = PBXFileReference; lastKnownFileType = wrapper.framework; name = QuartzCore.framework; path = System/Library/Frameworks/QuartzCore.framework; sourceTree = SDKROOT; };
		0752582514F079DB00881380 /* TSLabel.h */ = {isa = PBXFileReference; fileEncoding = 4; lastKnownFileType = sourcecode.c.h; path = TSLabel.h; sourceTree = "<group>"; };
		0752582614F079DB00881380 /* TSLabel.m */ = {isa = PBXFileReference; fileEncoding = 4; lastKnownFileType = sourcecode.c.objc; path = TSLabel.m; sourceTree = "<group>"; };
		0752582814F08A4600881380 /* NSNotificationCenter+MainThread.h */ = {isa = PBXFileReference; fileEncoding = 4; lastKnownFileType = sourcecode.c.h; path = "NSNotificationCenter+MainThread.h"; sourceTree = "<group>"; };
		0752582914F08A4700881380 /* NSNotificationCenter+MainThread.m */ = {isa = PBXFileReference; fileEncoding = 4; lastKnownFileType = sourcecode.c.objc; path = "NSNotificationCenter+MainThread.m"; sourceTree = "<group>"; };
		0752582B14F08B2D00881380 /* TSBackgroundService.h */ = {isa = PBXFileReference; fileEncoding = 4; lastKnownFileType = sourcecode.c.h; path = TSBackgroundService.h; sourceTree = "<group>"; };
		0752582C14F08B2D00881380 /* TSBackgroundService.m */ = {isa = PBXFileReference; fileEncoding = 4; lastKnownFileType = sourcecode.c.objc; path = TSBackgroundService.m; sourceTree = "<group>"; };
		075502BE14F5CB4600F463C9 /* Icon-72.png */ = {isa = PBXFileReference; lastKnownFileType = image.png; name = "Icon-72.png"; path = "TodayStation/Icon-72.png"; sourceTree = "<group>"; };
		075502BF14F5CB4600F463C9 /* Icon-Small-50.png */ = {isa = PBXFileReference; lastKnownFileType = image.png; name = "Icon-Small-50.png"; path = "TodayStation/Icon-Small-50.png"; sourceTree = "<group>"; };
		075502C014F5CB4600F463C9 /* iTunesArtwork */ = {isa = PBXFileReference; lastKnownFileType = file; name = iTunesArtwork; path = TodayStation/iTunesArtwork; sourceTree = "<group>"; };
		0764CB3514EE287100559289 /* TodayStation.app */ = {isa = PBXFileReference; explicitFileType = wrapper.application; includeInIndex = 0; path = TodayStation.app; sourceTree = BUILT_PRODUCTS_DIR; };
		0764CB3914EE287100559289 /* UIKit.framework */ = {isa = PBXFileReference; lastKnownFileType = wrapper.framework; name = UIKit.framework; path = System/Library/Frameworks/UIKit.framework; sourceTree = SDKROOT; };
		0764CB3B14EE287100559289 /* Foundation.framework */ = {isa = PBXFileReference; lastKnownFileType = wrapper.framework; name = Foundation.framework; path = System/Library/Frameworks/Foundation.framework; sourceTree = SDKROOT; };
		0764CB3D14EE287100559289 /* CoreGraphics.framework */ = {isa = PBXFileReference; lastKnownFileType = wrapper.framework; name = CoreGraphics.framework; path = System/Library/Frameworks/CoreGraphics.framework; sourceTree = SDKROOT; };
		0764CB4114EE287100559289 /* TodayStation-Info.plist */ = {isa = PBXFileReference; lastKnownFileType = text.plist.xml; path = "TodayStation-Info.plist"; sourceTree = "<group>"; };
		0764CB4314EE287100559289 /* en */ = {isa = PBXFileReference; lastKnownFileType = text.plist.strings; name = en; path = en.lproj/InfoPlist.strings; sourceTree = "<group>"; };
		0764CB4514EE287100559289 /* main.m */ = {isa = PBXFileReference; lastKnownFileType = sourcecode.c.objc; path = main.m; sourceTree = "<group>"; };
		0764CB4714EE287100559289 /* TodayStation-Prefix.pch */ = {isa = PBXFileReference; lastKnownFileType = sourcecode.c.h; path = "TodayStation-Prefix.pch"; sourceTree = "<group>"; };
		0764CB4814EE287100559289 /* TSAppDelegate.h */ = {isa = PBXFileReference; lastKnownFileType = sourcecode.c.h; path = TSAppDelegate.h; sourceTree = "<group>"; };
		0764CB4914EE287100559289 /* TSAppDelegate.m */ = {isa = PBXFileReference; lastKnownFileType = sourcecode.c.objc; path = TSAppDelegate.m; sourceTree = "<group>"; };
		0764CB4E14EE287100559289 /* TSViewController.h */ = {isa = PBXFileReference; lastKnownFileType = sourcecode.c.h; path = TSViewController.h; sourceTree = "<group>"; };
		0764CB4F14EE287100559289 /* TSViewController.m */ = {isa = PBXFileReference; lastKnownFileType = sourcecode.c.objc; path = TSViewController.m; sourceTree = "<group>"; };
		0764CB5614EE287100559289 /* TodayStationTests.xctest */ = {isa = PBXFileReference; explicitFileType = wrapper.cfbundle; includeInIndex = 0; path = TodayStationTests.xctest; sourceTree = BUILT_PRODUCTS_DIR; };
		0764CB5F14EE287100559289 /* TodayStationTests-Info.plist */ = {isa = PBXFileReference; lastKnownFileType = text.plist.xml; path = "TodayStationTests-Info.plist"; sourceTree = "<group>"; };
		0764CB6114EE287100559289 /* en */ = {isa = PBXFileReference; lastKnownFileType = text.plist.strings; name = en; path = en.lproj/InfoPlist.strings; sourceTree = "<group>"; };
		0764CB6314EE287100559289 /* TodayStationTests.h */ = {isa = PBXFileReference; lastKnownFileType = sourcecode.c.h; path = TodayStationTests.h; sourceTree = "<group>"; };
		0764CB6414EE287100559289 /* TodayStationTests.m */ = {isa = PBXFileReference; lastKnownFileType = sourcecode.c.objc; path = TodayStationTests.m; sourceTree = "<group>"; };
		0764CB8614EE299000559289 /* TSCache.h */ = {isa = PBXFileReference; fileEncoding = 4; lastKnownFileType = sourcecode.c.h; path = TSCache.h; sourceTree = "<group>"; };
		0764CB8714EE299000559289 /* TSCache.m */ = {isa = PBXFileReference; fileEncoding = 4; lastKnownFileType = sourcecode.c.objc; path = TSCache.m; sourceTree = "<group>"; };
		0764CB8914EE2A3E00559289 /* TSWeatherController.h */ = {isa = PBXFileReference; fileEncoding = 4; lastKnownFileType = sourcecode.c.h; path = TSWeatherController.h; sourceTree = "<group>"; };
		0764CB8A14EE2A3E00559289 /* TSWeatherController.m */ = {isa = PBXFileReference; fileEncoding = 4; lastKnownFileType = sourcecode.c.objc; path = TSWeatherController.m; sourceTree = "<group>"; };
		0764CB8C14EE2A8200559289 /* TSWeatherIcons.h */ = {isa = PBXFileReference; fileEncoding = 4; lastKnownFileType = sourcecode.c.h; path = TSWeatherIcons.h; sourceTree = "<group>"; };
		0764CB8D14EE2A8200559289 /* TSWeatherIcons.m */ = {isa = PBXFileReference; fileEncoding = 4; lastKnownFileType = sourcecode.c.objc; path = TSWeatherIcons.m; sourceTree = "<group>"; };
		0764CB8F14EE2AB400559289 /* TSWeatherService.h */ = {isa = PBXFileReference; fileEncoding = 4; lastKnownFileType = sourcecode.c.h; path = TSWeatherService.h; sourceTree = "<group>"; };
		0764CB9014EE2AB400559289 /* TSWeatherService.m */ = {isa = PBXFileReference; fileEncoding = 4; lastKnownFileType = sourcecode.c.objc; path = TSWeatherService.m; sourceTree = "<group>"; };
		0764CB9214EE2AFC00559289 /* TSWunderground.h */ = {isa = PBXFileReference; fileEncoding = 4; lastKnownFileType = sourcecode.c.h; path = TSWunderground.h; sourceTree = "<group>"; };
		0764CB9314EE2AFC00559289 /* TSWunderground.m */ = {isa = PBXFileReference; fileEncoding = 4; lastKnownFileType = sourcecode.c.objc; path = TSWunderground.m; sourceTree = "<group>"; };
		0764CB9514EE2B3800559289 /* TSWundergroundController.h */ = {isa = PBXFileReference; fileEncoding = 4; lastKnownFileType = sourcecode.c.h; path = TSWundergroundController.h; sourceTree = "<group>"; };
		0764CB9614EE2B3800559289 /* TSWundergroundController.m */ = {isa = PBXFileReference; fileEncoding = 4; lastKnownFileType = sourcecode.c.objc; path = TSWundergroundController.m; sourceTree = "<group>"; };
		0764CB9814EE2BE900559289 /* MainStoryboard.storyboard */ = {isa = PBXFileReference; fileEncoding = 4; lastKnownFileType = file.storyboard; path = MainStoryboard.storyboard; sourceTree = "<group>"; };
		0764CB9D14EE2E4200559289 /* TSCacheTests.h */ = {isa = PBXFileReference; fileEncoding = 4; lastKnownFileType = sourcecode.c.h; path = TSCacheTests.h; sourceTree = "<group>"; };
		0764CB9E14EE2E4200559289 /* TSCacheTests.m */ = {isa = PBXFileReference; fileEncoding = 4; lastKnownFileType = sourcecode.c.objc; path = TSCacheTests.m; sourceTree = "<group>"; };
		0764CBA314EE47A700559289 /* NSDictionary+TSUtil.h */ = {isa = PBXFileReference; fileEncoding = 4; lastKnownFileType = sourcecode.c.h; path = "NSDictionary+TSUtil.h"; sourceTree = "<group>"; };
		0764CBA414EE47A700559289 /* NSDictionary+TSUtil.m */ = {isa = PBXFileReference; fileEncoding = 4; lastKnownFileType = sourcecode.c.objc; path = "NSDictionary+TSUtil.m"; sourceTree = "<group>"; };
		0764CBA714EF241D00559289 /* TSUtil.h */ = {isa = PBXFileReference; fileEncoding = 4; lastKnownFileType = sourcecode.c.h; path = TSUtil.h; sourceTree = "<group>"; };
		0764CBA814EF241D00559289 /* TSUtil.m */ = {isa = PBXFileReference; fileEncoding = 4; lastKnownFileType = sourcecode.c.objc; path = TSUtil.m; sourceTree = "<group>"; };
		0764CBF414EF56B700559289 /* TODO.txt */ = {isa = PBXFileReference; lastKnownFileType = text; path = TODO.txt; sourceTree = "<group>"; };
		0764CBFD14EF635500559289 /* TSWundergroundForeCont.h */ = {isa = PBXFileReference; fileEncoding = 4; lastKnownFileType = sourcecode.c.h; path = TSWundergroundForeCont.h; sourceTree = "<group>"; };
		0764CBFE14EF635500559289 /* TSWundergroundForeCont.m */ = {isa = PBXFileReference; fileEncoding = 4; lastKnownFileType = sourcecode.c.objc; path = TSWundergroundForeCont.m; sourceTree = "<group>"; };
		0764CC0014EF792300559289 /* TSWundergroundHourlyCont.h */ = {isa = PBXFileReference; fileEncoding = 4; lastKnownFileType = sourcecode.c.h; path = TSWundergroundHourlyCont.h; sourceTree = "<group>"; };
		0764CC0114EF792300559289 /* TSWundergroundHourlyCont.m */ = {isa = PBXFileReference; fileEncoding = 4; lastKnownFileType = sourcecode.c.objc; path = TSWundergroundHourlyCont.m; sourceTree = "<group>"; };
		07C5996714F235DE009F5BDA /* TSSelectCityController.h */ = {isa = PBXFileReference; fileEncoding = 4; lastKnownFileType = sourcecode.c.h; path = TSSelectCityController.h; sourceTree = "<group>"; };
		07C5996814F235DE009F5BDA /* TSSelectCityController.m */ = {isa = PBXFileReference; fileEncoding = 4; lastKnownFileType = sourcecode.c.objc; path = TSSelectCityController.m; sourceTree = "<group>"; };
		07D56A2F14F3991500732CF3 /* Images */ = {isa = PBXFileReference; lastKnownFileType = folder; path = Images; sourceTree = "<group>"; };
		07D56A3114F44FC300732CF3 /* TSSettingsController.h */ = {isa = PBXFileReference; fileEncoding = 4; lastKnownFileType = sourcecode.c.h; path = TSSettingsController.h; sourceTree = "<group>"; };
		07D56A3214F44FC300732CF3 /* TSSettingsController.m */ = {isa = PBXFileReference; fileEncoding = 4; lastKnownFileType = sourcecode.c.objc; path = TSSettingsController.m; sourceTree = "<group>"; };
		07D56A3814F46EBA00732CF3 /* TSTempUnitController.h */ = {isa = PBXFileReference; fileEncoding = 4; lastKnownFileType = sourcecode.c.h; path = TSTempUnitController.h; sourceTree = "<group>"; };
		07D56A3914F46EBA00732CF3 /* TSTempUnitController.m */ = {isa = PBXFileReference; fileEncoding = 4; lastKnownFileType = sourcecode.c.objc; path = TSTempUnitController.m; sourceTree = "<group>"; };
		07D56A3B14F4719200732CF3 /* TSSettings.h */ = {isa = PBXFileReference; fileEncoding = 4; lastKnownFileType = sourcecode.c.h; path = TSSettings.h; sourceTree = "<group>"; };
		07D56A3C14F4719200732CF3 /* TSSettings.m */ = {isa = PBXFileReference; fileEncoding = 4; lastKnownFileType = sourcecode.c.objc; path = TSSettings.m; sourceTree = "<group>"; };
		07D56A3E14F47C1200732CF3 /* TSTimeUnitController.h */ = {isa = PBXFileReference; fileEncoding = 4; lastKnownFileType = sourcecode.c.h; path = TSTimeUnitController.h; sourceTree = "<group>"; };
		07D56A3F14F47C1300732CF3 /* TSTimeUnitController.m */ = {isa = PBXFileReference; fileEncoding = 4; lastKnownFileType = sourcecode.c.objc; path = TSTimeUnitController.m; sourceTree = "<group>"; };
		07D56A4514F4829D00732CF3 /* TSColorController.h */ = {isa = PBXFileReference; fileEncoding = 4; lastKnownFileType = sourcecode.c.h; path = TSColorController.h; sourceTree = "<group>"; };
		07D56A4614F4829D00732CF3 /* TSColorController.m */ = {isa = PBXFileReference; fileEncoding = 4; lastKnownFileType = sourcecode.c.objc; path = TSColorController.m; sourceTree = "<group>"; };
		07D56A4814F4842D00732CF3 /* TSColors.h */ = {isa = PBXFileReference; fileEncoding = 4; lastKnownFileType = sourcecode.c.h; path = TSColors.h; sourceTree = "<group>"; };
		07D56A4914F4842D00732CF3 /* TSColors.m */ = {isa = PBXFileReference; fileEncoding = 4; lastKnownFileType = sourcecode.c.objc; path = TSColors.m; sourceTree = "<group>"; };
		07E4C1C814F0BE73009A6AC1 /* TSLocation.h */ = {isa = PBXFileReference; fileEncoding = 4; lastKnownFileType = sourcecode.c.h; path = TSLocation.h; sourceTree = "<group>"; };
		07E4C1C914F0BE73009A6AC1 /* TSLocation.m */ = {isa = PBXFileReference; fileEncoding = 4; lastKnownFileType = sourcecode.c.objc; path = TSLocation.m; sourceTree = "<group>"; };
		07E4C1CB14F0C09D009A6AC1 /* CoreLocation.framework */ = {isa = PBXFileReference; lastKnownFileType = wrapper.framework; name = CoreLocation.framework; path = System/Library/Frameworks/CoreLocation.framework; sourceTree = SDKROOT; };
		07E4C1DA14F0DE6E009A6AC1 /* TSBusy.h */ = {isa = PBXFileReference; fileEncoding = 4; lastKnownFileType = sourcecode.c.h; path = TSBusy.h; sourceTree = "<group>"; };
		07E4C1DB14F0DE6E009A6AC1 /* TSBusy.m */ = {isa = PBXFileReference; fileEncoding = 4; lastKnownFileType = sourcecode.c.objc; path = TSBusy.m; sourceTree = "<group>"; };
		07E4CDA514F3024D00867F04 /* TSRecent.h */ = {isa = PBXFileReference; fileEncoding = 4; lastKnownFileType = sourcecode.c.h; path = TSRecent.h; sourceTree = "<group>"; };
		07E4CDA614F3024D00867F04 /* TSRecent.m */ = {isa = PBXFileReference; fileEncoding = 4; lastKnownFileType = sourcecode.c.objc; path = TSRecent.m; sourceTree = "<group>"; };
		07F60E9014F33017000C9316 /* TSSelectStationController.h */ = {isa = PBXFileReference; fileEncoding = 4; lastKnownFileType = sourcecode.c.h; path = TSSelectStationController.h; sourceTree = "<group>"; };
		07F60E9114F33017000C9316 /* TSSelectStationController.m */ = {isa = PBXFileReference; fileEncoding = 4; lastKnownFileType = sourcecode.c.objc; path = TSSelectStationController.m; sourceTree = "<group>"; };
/* End PBXFileReference section */

/* Begin PBXFrameworksBuildPhase section */
		0764CB3214EE287100559289 /* Frameworks */ = {
			isa = PBXFrameworksBuildPhase;
			buildActionMask = 2147483647;
			files = (
				07E4C1CC14F0C09D009A6AC1 /* CoreLocation.framework in Frameworks */,
				0752582414F0774B00881380 /* QuartzCore.framework in Frameworks */,
				0752582214F05DE400881380 /* EventKit.framework in Frameworks */,
				0764CB3A14EE287100559289 /* UIKit.framework in Frameworks */,
				0764CB3C14EE287100559289 /* Foundation.framework in Frameworks */,
				0764CB3E14EE287100559289 /* CoreGraphics.framework in Frameworks */,
			);
			runOnlyForDeploymentPostprocessing = 0;
		};
		0764CB5214EE287100559289 /* Frameworks */ = {
			isa = PBXFrameworksBuildPhase;
			buildActionMask = 2147483647;
			files = (
				0764CB5914EE287100559289 /* UIKit.framework in Frameworks */,
				0764CB5A14EE287100559289 /* Foundation.framework in Frameworks */,
			);
			runOnlyForDeploymentPostprocessing = 0;
		};
/* End PBXFrameworksBuildPhase section */

/* Begin PBXGroup section */
		0752582E14F09C5800881380 /* Weather */ = {
			isa = PBXGroup;
			children = (
				0764CB8914EE2A3E00559289 /* TSWeatherController.h */,
				0764CB8A14EE2A3E00559289 /* TSWeatherController.m */,
				0764CB8C14EE2A8200559289 /* TSWeatherIcons.h */,
				0764CB8D14EE2A8200559289 /* TSWeatherIcons.m */,
				0764CB8F14EE2AB400559289 /* TSWeatherService.h */,
				0764CB9014EE2AB400559289 /* TSWeatherService.m */,
				0752582F14F09E5000881380 /* Wunderground */,
			);
			path = Weather;
			sourceTree = "<group>";
		};
		0752582F14F09E5000881380 /* Wunderground */ = {
			isa = PBXGroup;
			children = (
				0764CB9214EE2AFC00559289 /* TSWunderground.h */,
				0764CB9314EE2AFC00559289 /* TSWunderground.m */,
				0764CB9514EE2B3800559289 /* TSWundergroundController.h */,
				0764CB9614EE2B3800559289 /* TSWundergroundController.m */,
				0764CBFD14EF635500559289 /* TSWundergroundForeCont.h */,
				0764CBFE14EF635500559289 /* TSWundergroundForeCont.m */,
				0764CC0014EF792300559289 /* TSWundergroundHourlyCont.h */,
				0764CC0114EF792300559289 /* TSWundergroundHourlyCont.m */,
			);
			path = Wunderground;
			sourceTree = "<group>";
		};
		0764CB2A14EE287000559289 = {
			isa = PBXGroup;
			children = (
				075502BE14F5CB4600F463C9 /* Icon-72.png */,
				075502BF14F5CB4600F463C9 /* Icon-Small-50.png */,
				075502C014F5CB4600F463C9 /* iTunesArtwork */,
				0764CBF414EF56B700559289 /* TODO.txt */,
				0764CB3F14EE287100559289 /* TodayStation */,
				0764CB5D14EE287100559289 /* TodayStationTests */,
				0764CB3814EE287100559289 /* Frameworks */,
				0764CB3614EE287100559289 /* Products */,
			);
			sourceTree = "<group>";
		};
		0764CB3614EE287100559289 /* Products */ = {
			isa = PBXGroup;
			children = (
				0764CB3514EE287100559289 /* TodayStation.app */,
				0764CB5614EE287100559289 /* TodayStationTests.xctest */,
			);
			name = Products;
			sourceTree = "<group>";
		};
		0764CB3814EE287100559289 /* Frameworks */ = {
			isa = PBXGroup;
			children = (
				07E4C1CB14F0C09D009A6AC1 /* CoreLocation.framework */,
				0752582314F0774B00881380 /* QuartzCore.framework */,
				0752582114F05DE400881380 /* EventKit.framework */,
				0764CB3914EE287100559289 /* UIKit.framework */,
				0764CB3B14EE287100559289 /* Foundation.framework */,
				0764CB3D14EE287100559289 /* CoreGraphics.framework */,
			);
			name = Frameworks;
			sourceTree = "<group>";
		};
		0764CB3F14EE287100559289 /* TodayStation */ = {
			isa = PBXGroup;
			children = (
				07D56A2F14F3991500732CF3 /* Images */,
				07E4C1C714F0A2DD009A6AC1 /* Classes */,
				0764CB9814EE2BE900559289 /* MainStoryboard.storyboard */,
				0764CB4014EE287100559289 /* Supporting Files */,
			);
			path = TodayStation;
			sourceTree = "<group>";
		};
		0764CB4014EE287100559289 /* Supporting Files */ = {
			isa = PBXGroup;
			children = (
				0764CB4114EE287100559289 /* TodayStation-Info.plist */,
				0764CB4214EE287100559289 /* InfoPlist.strings */,
				0764CB4514EE287100559289 /* main.m */,
				0764CB4714EE287100559289 /* TodayStation-Prefix.pch */,
			);
			name = "Supporting Files";
			sourceTree = "<group>";
		};
		0764CB5D14EE287100559289 /* TodayStationTests */ = {
			isa = PBXGroup;
			children = (
				0764CB6314EE287100559289 /* TodayStationTests.h */,
				0764CB6414EE287100559289 /* TodayStationTests.m */,
				0764CB5E14EE287100559289 /* Supporting Files */,
				0764CB9D14EE2E4200559289 /* TSCacheTests.h */,
				0764CB9E14EE2E4200559289 /* TSCacheTests.m */,
			);
			path = TodayStationTests;
			sourceTree = "<group>";
		};
		0764CB5E14EE287100559289 /* Supporting Files */ = {
			isa = PBXGroup;
			children = (
				0764CB5F14EE287100559289 /* TodayStationTests-Info.plist */,
				0764CB6014EE287100559289 /* InfoPlist.strings */,
			);
			name = "Supporting Files";
			sourceTree = "<group>";
		};
		07D56A4114F47C2A00732CF3 /* Settings */ = {
			isa = PBXGroup;
			children = (
				07D56A3B14F4719200732CF3 /* TSSettings.h */,
				07D56A3C14F4719200732CF3 /* TSSettings.m */,
				07D56A3114F44FC300732CF3 /* TSSettingsController.h */,
				07D56A3214F44FC300732CF3 /* TSSettingsController.m */,
				07D56A4514F4829D00732CF3 /* TSColorController.h */,
				07D56A4614F4829D00732CF3 /* TSColorController.m */,
				07D56A4814F4842D00732CF3 /* TSColors.h */,
				07D56A4914F4842D00732CF3 /* TSColors.m */,
				07D56A3814F46EBA00732CF3 /* TSTempUnitController.h */,
				07D56A3914F46EBA00732CF3 /* TSTempUnitController.m */,
				07D56A3E14F47C1200732CF3 /* TSTimeUnitController.h */,
				07D56A3F14F47C1300732CF3 /* TSTimeUnitController.m */,
			);
			path = Settings;
			sourceTree = "<group>";
		};
		07E4C1C614F0A1FD009A6AC1 /* Util */ = {
			isa = PBXGroup;
			children = (
				0764CBA314EE47A700559289 /* NSDictionary+TSUtil.h */,
				0764CBA414EE47A700559289 /* NSDictionary+TSUtil.m */,
				0752582814F08A4600881380 /* NSNotificationCenter+MainThread.h */,
				0752582914F08A4700881380 /* NSNotificationCenter+MainThread.m */,
				0752582B14F08B2D00881380 /* TSBackgroundService.h */,
				0752582C14F08B2D00881380 /* TSBackgroundService.m */,
				0764CB8614EE299000559289 /* TSCache.h */,
				0764CB8714EE299000559289 /* TSCache.m */,
				0752582514F079DB00881380 /* TSLabel.h */,
				0752582614F079DB00881380 /* TSLabel.m */,
				0764CBA714EF241D00559289 /* TSUtil.h */,
				0764CBA814EF241D00559289 /* TSUtil.m */,
				07E4C1DA14F0DE6E009A6AC1 /* TSBusy.h */,
				07E4C1DB14F0DE6E009A6AC1 /* TSBusy.m */,
			);
			path = Util;
			sourceTree = "<group>";
		};
		07E4C1C714F0A2DD009A6AC1 /* Classes */ = {
			isa = PBXGroup;
			children = (
				0764CB4814EE287100559289 /* TSAppDelegate.h */,
				0764CB4914EE287100559289 /* TSAppDelegate.m */,
				0752581E14F04B6E00881380 /* TSCalendar.h */,
				0752581F14F04B6E00881380 /* TSCalendar.m */,
				07E4C1C814F0BE73009A6AC1 /* TSLocation.h */,
				07E4C1C914F0BE73009A6AC1 /* TSLocation.m */,
				07E4CDA514F3024D00867F04 /* TSRecent.h */,
				07E4CDA614F3024D00867F04 /* TSRecent.m */,
				07C5996714F235DE009F5BDA /* TSSelectCityController.h */,
				07C5996814F235DE009F5BDA /* TSSelectCityController.m */,
				07F60E9014F33017000C9316 /* TSSelectStationController.h */,
				07F60E9114F33017000C9316 /* TSSelectStationController.m */,
				0764CB4E14EE287100559289 /* TSViewController.h */,
				0764CB4F14EE287100559289 /* TSViewController.m */,
				07D56A4114F47C2A00732CF3 /* Settings */,
				07E4C1C614F0A1FD009A6AC1 /* Util */,
				0752582E14F09C5800881380 /* Weather */,
			);
			path = Classes;
			sourceTree = "<group>";
		};
/* End PBXGroup section */

/* Begin PBXNativeTarget section */
		0764CB3414EE287100559289 /* TodayStation */ = {
			isa = PBXNativeTarget;
			buildConfigurationList = 0764CB6814EE287100559289 /* Build configuration list for PBXNativeTarget "TodayStation" */;
			buildPhases = (
				0764CB3114EE287100559289 /* Sources */,
				0764CB3214EE287100559289 /* Frameworks */,
				0764CB3314EE287100559289 /* Resources */,
			);
			buildRules = (
			);
			dependencies = (
			);
			name = TodayStation;
			productName = TodayStation;
			productReference = 0764CB3514EE287100559289 /* TodayStation.app */;
			productType = "com.apple.product-type.application";
		};
		0764CB5514EE287100559289 /* TodayStationTests */ = {
			isa = PBXNativeTarget;
			buildConfigurationList = 0764CB6B14EE287100559289 /* Build configuration list for PBXNativeTarget "TodayStationTests" */;
			buildPhases = (
				0764CB5114EE287100559289 /* Sources */,
				0764CB5214EE287100559289 /* Frameworks */,
				0764CB5314EE287100559289 /* Resources */,
				0764CB5414EE287100559289 /* ShellScript */,
			);
			buildRules = (
			);
			dependencies = (
				0764CB5C14EE287100559289 /* PBXTargetDependency */,
			);
			name = TodayStationTests;
			productName = TodayStationTests;
			productReference = 0764CB5614EE287100559289 /* TodayStationTests.xctest */;
			productType = "com.apple.product-type.bundle.unit-test";
		};
/* End PBXNativeTarget section */

/* Begin PBXProject section */
		0764CB2C14EE287000559289 /* Project object */ = {
			isa = PBXProject;
			attributes = {
				LastTestingUpgradeCheck = 0510;
				LastUpgradeCheck = 0600;
			};
			buildConfigurationList = 0764CB2F14EE287000559289 /* Build configuration list for PBXProject "TodayStation" */;
			compatibilityVersion = "Xcode 3.2";
			developmentRegion = English;
			hasScannedForEncodings = 0;
			knownRegions = (
				en,
			);
			mainGroup = 0764CB2A14EE287000559289;
			productRefGroup = 0764CB3614EE287100559289 /* Products */;
			projectDirPath = "";
			projectRoot = "";
			targets = (
				0764CB3414EE287100559289 /* TodayStation */,
				0764CB5514EE287100559289 /* TodayStationTests */,
			);
		};
/* End PBXProject section */

/* Begin PBXResourcesBuildPhase section */
		0764CB3314EE287100559289 /* Resources */ = {
			isa = PBXResourcesBuildPhase;
			buildActionMask = 2147483647;
			files = (
				0764CB4414EE287100559289 /* InfoPlist.strings in Resources */,
				0764CB9914EE2BE900559289 /* MainStoryboard.storyboard in Resources */,
				07D56A3014F3991500732CF3 /* Images in Resources */,
				075502C114F5CB4600F463C9 /* Icon-72.png in Resources */,
				075502C214F5CB4600F463C9 /* Icon-Small-50.png in Resources */,
				075502C314F5CB4600F463C9 /* iTunesArtwork in Resources */,
			);
			runOnlyForDeploymentPostprocessing = 0;
		};
		0764CB5314EE287100559289 /* Resources */ = {
			isa = PBXResourcesBuildPhase;
			buildActionMask = 2147483647;
			files = (
				0764CB6214EE287100559289 /* InfoPlist.strings in Resources */,
			);
			runOnlyForDeploymentPostprocessing = 0;
		};
/* End PBXResourcesBuildPhase section */

/* Begin PBXShellScriptBuildPhase section */
		0764CB5414EE287100559289 /* ShellScript */ = {
			isa = PBXShellScriptBuildPhase;
			buildActionMask = 2147483647;
			files = (
			);
			inputPaths = (
			);
			outputPaths = (
			);
			runOnlyForDeploymentPostprocessing = 0;
			shellPath = /bin/sh;
			shellScript = "# Run the unit tests in this test bundle.\n\"${SYSTEM_DEVELOPER_DIR}/Tools/RunUnitTests\"\n";
		};
/* End PBXShellScriptBuildPhase section */

/* Begin PBXSourcesBuildPhase section */
		0764CB3114EE287100559289 /* Sources */ = {
			isa = PBXSourcesBuildPhase;
			buildActionMask = 2147483647;
			files = (
				0764CBF314EF565800559289 /* TSUtil.m in Sources */,
				0764CBA614EE488300559289 /* NSDictionary+TSUtil.m in Sources */,
				0764CB4614EE287100559289 /* main.m in Sources */,
				0764CB4A14EE287100559289 /* TSAppDelegate.m in Sources */,
				0764CB5014EE287100559289 /* TSViewController.m in Sources */,
				0764CB8814EE299000559289 /* TSCache.m in Sources */,
				0764CB8B14EE2A3E00559289 /* TSWeatherController.m in Sources */,
				0764CB8E14EE2A8200559289 /* TSWeatherIcons.m in Sources */,
				0764CB9114EE2AB400559289 /* TSWeatherService.m in Sources */,
				0764CB9414EE2AFD00559289 /* TSWunderground.m in Sources */,
				0764CB9714EE2B3800559289 /* TSWundergroundController.m in Sources */,
				0764CBFF14EF635600559289 /* TSWundergroundForeCont.m in Sources */,
				0764CC0214EF792400559289 /* TSWundergroundHourlyCont.m in Sources */,
				0752582014F04B6E00881380 /* TSCalendar.m in Sources */,
				0752582714F079DC00881380 /* TSLabel.m in Sources */,
				0752582A14F08A4700881380 /* NSNotificationCenter+MainThread.m in Sources */,
				0752582D14F08B2E00881380 /* TSBackgroundService.m in Sources */,
				07E4C1CA14F0BE73009A6AC1 /* TSLocation.m in Sources */,
				07E4C1DC14F0DE6E009A6AC1 /* TSBusy.m in Sources */,
				07C5996914F235DF009F5BDA /* TSSelectCityController.m in Sources */,
				07E4CDA714F3024D00867F04 /* TSRecent.m in Sources */,
				07F60E9214F33017000C9316 /* TSSelectStationController.m in Sources */,
				07D56A3314F44FC300732CF3 /* TSSettingsController.m in Sources */,
				07D56A3A14F46EBB00732CF3 /* TSTempUnitController.m in Sources */,
				07D56A3D14F4719300732CF3 /* TSSettings.m in Sources */,
				07D56A4014F47C1300732CF3 /* TSTimeUnitController.m in Sources */,
				07D56A4714F4829D00732CF3 /* TSColorController.m in Sources */,
				07D56A4A14F4842D00732CF3 /* TSColors.m in Sources */,
			);
			runOnlyForDeploymentPostprocessing = 0;
		};
		0764CB5114EE287100559289 /* Sources */ = {
			isa = PBXSourcesBuildPhase;
			buildActionMask = 2147483647;
			files = (
				0764CB6514EE287100559289 /* TodayStationTests.m in Sources */,
				0764CB9F14EE2E4200559289 /* TSCacheTests.m in Sources */,
			);
			runOnlyForDeploymentPostprocessing = 0;
		};
/* End PBXSourcesBuildPhase section */

/* Begin PBXTargetDependency section */
		0764CB5C14EE287100559289 /* PBXTargetDependency */ = {
			isa = PBXTargetDependency;
			target = 0764CB3414EE287100559289 /* TodayStation */;
			targetProxy = 0764CB5B14EE287100559289 /* PBXContainerItemProxy */;
		};
/* End PBXTargetDependency section */

/* Begin PBXVariantGroup section */
		0764CB4214EE287100559289 /* InfoPlist.strings */ = {
			isa = PBXVariantGroup;
			children = (
				0764CB4314EE287100559289 /* en */,
			);
			name = InfoPlist.strings;
			sourceTree = "<group>";
		};
		0764CB6014EE287100559289 /* InfoPlist.strings */ = {
			isa = PBXVariantGroup;
			children = (
				0764CB6114EE287100559289 /* en */,
			);
			name = InfoPlist.strings;
			sourceTree = "<group>";
		};
/* End PBXVariantGroup section */

/* Begin XCBuildConfiguration section */
		0764CB6614EE287100559289 /* Debug */ = {
			isa = XCBuildConfiguration;
			buildSettings = {
				ALWAYS_SEARCH_USER_PATHS = NO;
				CLANG_ENABLE_OBJC_ARC = YES;
				CLANG_WARN_BOOL_CONVERSION = YES;
				CLANG_WARN_CONSTANT_CONVERSION = YES;
				CLANG_WARN_EMPTY_BODY = YES;
				CLANG_WARN_ENUM_CONVERSION = YES;
				CLANG_WARN_INT_CONVERSION = YES;
				CLANG_WARN_UNREACHABLE_CODE = YES;
				CLANG_WARN__DUPLICATE_METHOD_MATCH = YES;
				"CODE_SIGN_IDENTITY[sdk=iphoneos*]" = "iPhone Developer";
				COPY_PHASE_STRIP = NO;
				ENABLE_STRICT_OBJC_MSGSEND = YES;
				GCC_C_LANGUAGE_STANDARD = gnu99;
				GCC_DYNAMIC_NO_PIC = NO;
				GCC_OPTIMIZATION_LEVEL = 0;
				GCC_PREPROCESSOR_DEFINITIONS = (
					"DEBUG=1",
					"$(inherited)",
				);
				GCC_SYMBOLS_PRIVATE_EXTERN = NO;
				GCC_VERSION = com.apple.compilers.llvm.clang.1_0;
				GCC_WARN_64_TO_32_BIT_CONVERSION = YES;
				GCC_WARN_ABOUT_MISSING_PROTOTYPES = YES;
				GCC_WARN_ABOUT_RETURN_TYPE = YES;
				GCC_WARN_UNDECLARED_SELECTOR = YES;
				GCC_WARN_UNINITIALIZED_AUTOS = YES;
				GCC_WARN_UNUSED_FUNCTION = YES;
				GCC_WARN_UNUSED_VARIABLE = YES;
				IPHONEOS_DEPLOYMENT_TARGET = 5.0;
				ONLY_ACTIVE_ARCH = YES;
				SDKROOT = iphoneos;
				TARGETED_DEVICE_FAMILY = 2;
			};
			name = Debug;
		};
		0764CB6714EE287100559289 /* Release */ = {
			isa = XCBuildConfiguration;
			buildSettings = {
				ALWAYS_SEARCH_USER_PATHS = NO;
				CLANG_ENABLE_OBJC_ARC = YES;
				CLANG_WARN_BOOL_CONVERSION = YES;
				CLANG_WARN_CONSTANT_CONVERSION = YES;
				CLANG_WARN_EMPTY_BODY = YES;
				CLANG_WARN_ENUM_CONVERSION = YES;
				CLANG_WARN_INT_CONVERSION = YES;
				CLANG_WARN_UNREACHABLE_CODE = YES;
				CLANG_WARN__DUPLICATE_METHOD_MATCH = YES;
				"CODE_SIGN_IDENTITY[sdk=iphoneos*]" = "iPhone Developer";
				COPY_PHASE_STRIP = YES;
				ENABLE_STRICT_OBJC_MSGSEND = YES;
				GCC_C_LANGUAGE_STANDARD = gnu99;
				GCC_VERSION = com.apple.compilers.llvm.clang.1_0;
				GCC_WARN_64_TO_32_BIT_CONVERSION = YES;
				GCC_WARN_ABOUT_MISSING_PROTOTYPES = YES;
				GCC_WARN_ABOUT_RETURN_TYPE = YES;
				GCC_WARN_UNDECLARED_SELECTOR = YES;
				GCC_WARN_UNINITIALIZED_AUTOS = YES;
				GCC_WARN_UNUSED_FUNCTION = YES;
				GCC_WARN_UNUSED_VARIABLE = YES;
				IPHONEOS_DEPLOYMENT_TARGET = 5.0;
				OTHER_CFLAGS = "-DNS_BLOCK_ASSERTIONS=1";
				SDKROOT = iphoneos;
				TARGETED_DEVICE_FAMILY = 2;
				VALIDATE_PRODUCT = YES;
			};
			name = Release;
		};
		0764CB6914EE287100559289 /* Debug */ = {
			isa = XCBuildConfiguration;
			buildSettings = {
				GCC_PRECOMPILE_PREFIX_HEADER = YES;
				GCC_PREFIX_HEADER = "TodayStation/TodayStation-Prefix.pch";
				INFOPLIST_FILE = "TodayStation/TodayStation-Info.plist";
				PRODUCT_NAME = "$(TARGET_NAME)";
				USER_HEADER_SEARCH_PATHS = "$(SOURCE_ROOT)/SBJson_3.1alpha3/Classes";
				WRAPPER_EXTENSION = app;
			};
			name = Debug;
		};
		0764CB6A14EE287100559289 /* Release */ = {
			isa = XCBuildConfiguration;
			buildSettings = {
				GCC_PRECOMPILE_PREFIX_HEADER = YES;
				GCC_PREFIX_HEADER = "TodayStation/TodayStation-Prefix.pch";
				INFOPLIST_FILE = "TodayStation/TodayStation-Info.plist";
				PRODUCT_NAME = "$(TARGET_NAME)";
				USER_HEADER_SEARCH_PATHS = "$(SOURCE_ROOT)/SBJson_3.1alpha3/Classes";
				WRAPPER_EXTENSION = app;
			};
			name = Release;
		};
		0764CB6C14EE287100559289 /* Debug */ = {
			isa = XCBuildConfiguration;
			buildSettings = {
				BUNDLE_LOADER = "$(BUILT_PRODUCTS_DIR)/TodayStation.app/TodayStation";
				FRAMEWORK_SEARCH_PATHS = (
					"$(SDKROOT)/Developer/Library/Frameworks",
					"$(inherited)",
				);
				GCC_PRECOMPILE_PREFIX_HEADER = YES;
				GCC_PREFIX_HEADER = "TodayStation/TodayStation-Prefix.pch";
				INFOPLIST_FILE = "TodayStationTests/TodayStationTests-Info.plist";
				PRODUCT_NAME = "$(TARGET_NAME)";
				TEST_HOST = "$(BUNDLE_LOADER)";
			};
			name = Debug;
		};
		0764CB6D14EE287100559289 /* Release */ = {
			isa = XCBuildConfiguration;
			buildSettings = {
				BUNDLE_LOADER = "$(BUILT_PRODUCTS_DIR)/TodayStation.app/TodayStation";
				FRAMEWORK_SEARCH_PATHS = (
					"$(SDKROOT)/Developer/Library/Frameworks",
					"$(inherited)",
				);
				GCC_PRECOMPILE_PREFIX_HEADER = YES;
				GCC_PREFIX_HEADER = "TodayStation/TodayStation-Prefix.pch";
				INFOPLIST_FILE = "TodayStationTests/TodayStationTests-Info.plist";
				PRODUCT_NAME = "$(TARGET_NAME)";
				TEST_HOST = "$(BUNDLE_LOADER)";
			};
			name = Release;
		};
/* End XCBuildConfiguration section */

/* Begin XCConfigurationList section */
		0764CB2F14EE287000559289 /* Build configuration list for PBXProject "TodayStation" */ = {
			isa = XCConfigurationList;
			buildConfigurations = (
				0764CB6614EE287100559289 /* Debug */,
				0764CB6714EE287100559289 /* Release */,
			);
			defaultConfigurationIsVisible = 0;
			defaultConfigurationName = Release;
		};
		0764CB6814EE287100559289 /* Build configuration list for PBXNativeTarget "TodayStation" */ = {
			isa = XCConfigurationList;
			buildConfigurations = (
				0764CB6914EE287100559289 /* Debug */,
				0764CB6A14EE287100559289 /* Release */,
			);
			defaultConfigurationIsVisible = 0;
			defaultConfigurationName = Release;
		};
		0764CB6B14EE287100559289 /* Build configuration list for PBXNativeTarget "TodayStationTests" */ = {
			isa = XCConfigurationList;
			buildConfigurations = (
				0764CB6C14EE287100559289 /* Debug */,
				0764CB6D14EE287100559289 /* Release */,
			);
			defaultConfigurationIsVisible = 0;
			defaultConfigurationName = Release;
		};
/* End XCConfigurationList section */
	};
	rootObject = 0764CB2C14EE287000559289 /* Project object */;
}
