// !$*UTF8*$!
{
	archiveVersion = 1;
	classes = {
	};
	objectVersion = 46;
	objects = {

/* Begin PBXBuildFile section */
		0752582014F04B6E00881380 /* TSCalendar.m in Sources */ = {isa = PBXBuildFile; fileRef = 0752581F14F04B6E00881380 /* TSCalendar.m */; };
		0752582214F05DE400881380 /* EventKit.framework in Frameworks */ = {isa = PBXBuildFile; fileRef = 0752582114F05DE400881380 /* EventKit.framework */; };
		0752582414F0774B00881380 /* QuartzCore.framework in Frameworks */ = {isa = PBXBuildFile; fileRef = 0752582314F0774B00881380 /* QuartzCore.framework */; };
		0752582714F079DC00881380 /* TSLabel.m in Sources */ = {isa = PBXBuildFile; fileRef = 0752582614F079DB00881380 /* TSLabel.m */; };
		0752582A14F08A4700881380 /* NSNotificationCenter+MainThread.m in Sources */ = {isa = PBXBuildFile; fileRef = 0752582914F08A4700881380 /* NSNotificationCenter+MainThread.m */; };
		0752582D14F08B2E00881380 /* TSBackgroundService.m in Sources */ = {isa = PBXBuildFile; fileRef = 0752582C14F08B2D00881380 /* TSBackgroundService.m */; };
		0764CB3A14EE287100559289 /* UIKit.framework in Frameworks */ = {isa = PBXBuildFile; fileRef = 0764CB3914EE287100559289 /* UIKit.framework */; };
		0764CB3C14EE287100559289 /* Foundation.framework in Frameworks */ = {isa = PBXBuildFile; fileRef = 0764CB3B14EE287100559289 /* Foundation.framework */; };
		0764CB3E14EE287100559289 /* CoreGraphics.framework in Frameworks */ = {isa = PBXBuildFile; fileRef = 0764CB3D14EE287100559289 /* CoreGraphics.framework */; };
		0764CB4414EE287100559289 /* InfoPlist.strings in Resources */ = {isa = PBXBuildFile; fileRef = 0764CB4214EE287100559289 /* InfoPlist.strings */; };
		0764CB4614EE287100559289 /* main.m in Sources */ = {isa = PBXBuildFile; fileRef = 0764CB4514EE287100559289 /* main.m */; };
		0764CB4A14EE287100559289 /* TSAppDelegate.m in Sources */ = {isa = PBXBuildFile; fileRef = 0764CB4914EE287100559289 /* TSAppDelegate.m */; };
		0764CB5014EE287100559289 /* TSViewController.m in Sources */ = {isa = PBXBuildFile; fileRef = 0764CB4F14EE287100559289 /* TSViewController.m */; };
		0764CB5814EE287100559289 /* SenTestingKit.framework in Frameworks */ = {isa = PBXBuildFile; fileRef = 0764CB5714EE287100559289 /* SenTestingKit.framework */; };
		0764CB5914EE287100559289 /* UIKit.framework in Frameworks */ = {isa = PBXBuildFile; fileRef = 0764CB3914EE287100559289 /* UIKit.framework */; };
		0764CB5A14EE287100559289 /* Foundation.framework in Frameworks */ = {isa = PBXBuildFile; fileRef = 0764CB3B14EE287100559289 /* Foundation.framework */; };
		0764CB6214EE287100559289 /* InfoPlist.strings in Resources */ = {isa = PBXBuildFile; fileRef = 0764CB6014EE287100559289 /* InfoPlist.strings */; };
		0764CB6514EE287100559289 /* TodayStationTests.m in Sources */ = {isa = PBXBuildFile; fileRef = 0764CB6414EE287100559289 /* TodayStationTests.m */; };
		0764CB8314EE28F000559289 /* libsbjson-ios.a in Frameworks */ = {isa = PBXBuildFile; fileRef = 0764CB8014EE28CF00559289 /* libsbjson-ios.a */; };
		0764CB8814EE299000559289 /* TSCache.m in Sources */ = {isa = PBXBuildFile; fileRef = 0764CB8714EE299000559289 /* TSCache.m */; };
		0764CB8B14EE2A3E00559289 /* TSWeatherController.m in Sources */ = {isa = PBXBuildFile; fileRef = 0764CB8A14EE2A3E00559289 /* TSWeatherController.m */; };
		0764CB8E14EE2A8200559289 /* TSWeatherIcons.m in Sources */ = {isa = PBXBuildFile; fileRef = 0764CB8D14EE2A8200559289 /* TSWeatherIcons.m */; };
		0764CB9114EE2AB400559289 /* TSWeatherService.m in Sources */ = {isa = PBXBuildFile; fileRef = 0764CB9014EE2AB400559289 /* TSWeatherService.m */; };
		0764CB9414EE2AFD00559289 /* TSWunderground.m in Sources */ = {isa = PBXBuildFile; fileRef = 0764CB9314EE2AFC00559289 /* TSWunderground.m */; };
		0764CB9714EE2B3800559289 /* TSWundergroundController.m in Sources */ = {isa = PBXBuildFile; fileRef = 0764CB9614EE2B3800559289 /* TSWundergroundController.m */; };
		0764CB9914EE2BE900559289 /* MainStoryboard.storyboard in Resources */ = {isa = PBXBuildFile; fileRef = 0764CB9814EE2BE900559289 /* MainStoryboard.storyboard */; };
		0764CB9F14EE2E4200559289 /* TSCacheTests.m in Sources */ = {isa = PBXBuildFile; fileRef = 0764CB9E14EE2E4200559289 /* TSCacheTests.m */; };
		0764CBA614EE488300559289 /* NSDictionary+TSUtil.m in Sources */ = {isa = PBXBuildFile; fileRef = 0764CBA414EE47A700559289 /* NSDictionary+TSUtil.m */; };
		0764CBAB14EF2E3200559289 /* Settings.bundle in Resources */ = {isa = PBXBuildFile; fileRef = 0764CBAA14EF2E3200559289 /* Settings.bundle */; };
		0764CBF314EF565800559289 /* TSUtil.m in Sources */ = {isa = PBXBuildFile; fileRef = 0764CBA814EF241D00559289 /* TSUtil.m */; };
		0764CBFF14EF635600559289 /* TSWundergroundForeCont.m in Sources */ = {isa = PBXBuildFile; fileRef = 0764CBFE14EF635500559289 /* TSWundergroundForeCont.m */; };
		0764CC0214EF792400559289 /* TSWundergroundHourlyCont.m in Sources */ = {isa = PBXBuildFile; fileRef = 0764CC0114EF792300559289 /* TSWundergroundHourlyCont.m */; };
		07C5994B14F1CD7E009F5BDA /* TSLocationSearchController.m in Sources */ = {isa = PBXBuildFile; fileRef = 07C5994A14F1CD7E009F5BDA /* TSLocationSearchController.m */; };
		07C5994F14F1D157009F5BDA /* TempView.xib in Resources */ = {isa = PBXBuildFile; fileRef = 07C5994E14F1D157009F5BDA /* TempView.xib */; };
		07C5996614F20442009F5BDA /* TSWundergroundLocationSource.m in Sources */ = {isa = PBXBuildFile; fileRef = 07C5996514F20442009F5BDA /* TSWundergroundLocationSource.m */; };
		07E4C1CA14F0BE73009A6AC1 /* TSLocation.m in Sources */ = {isa = PBXBuildFile; fileRef = 07E4C1C914F0BE73009A6AC1 /* TSLocation.m */; };
		07E4C1CC14F0C09D009A6AC1 /* CoreLocation.framework in Frameworks */ = {isa = PBXBuildFile; fileRef = 07E4C1CB14F0C09D009A6AC1 /* CoreLocation.framework */; };
		07E4C1DC14F0DE6E009A6AC1 /* TSBusy.m in Sources */ = {isa = PBXBuildFile; fileRef = 07E4C1DB14F0DE6E009A6AC1 /* TSBusy.m */; };
/* End PBXBuildFile section */

/* Begin PBXContainerItemProxy section */
		0764CB5B14EE287100559289 /* PBXContainerItemProxy */ = {
			isa = PBXContainerItemProxy;
			containerPortal = 0764CB2C14EE287000559289 /* Project object */;
			proxyType = 1;
			remoteGlobalIDString = 0764CB3414EE287100559289;
			remoteInfo = TodayStation;
		};
		0764CB7B14EE28CF00559289 /* PBXContainerItemProxy */ = {
			isa = PBXContainerItemProxy;
			containerPortal = 0764CB7114EE28CF00559289 /* SBJson.xcodeproj */;
			proxyType = 2;
			remoteGlobalIDString = BC12323D1391D5CC00131607;
			remoteInfo = SBJson;
		};
		0764CB7D14EE28CF00559289 /* PBXContainerItemProxy */ = {
			isa = PBXContainerItemProxy;
			containerPortal = 0764CB7114EE28CF00559289 /* SBJson.xcodeproj */;
			proxyType = 2;
			remoteGlobalIDString = BC1232521391D5CC00131607;
			remoteInfo = SBJsonTests;
		};
		0764CB7F14EE28CF00559289 /* PBXContainerItemProxy */ = {
			isa = PBXContainerItemProxy;
			containerPortal = 0764CB7114EE28CF00559289 /* SBJson.xcodeproj */;
			proxyType = 2;
			remoteGlobalIDString = BCC2626913920FC7003D9994;
			remoteInfo = "sbjson-ios";
		};
		0764CB8114EE28CF00559289 /* PBXContainerItemProxy */ = {
			isa = PBXContainerItemProxy;
			containerPortal = 0764CB7114EE28CF00559289 /* SBJson.xcodeproj */;
			proxyType = 2;
			remoteGlobalIDString = BCC2627313920FC7003D9994;
			remoteInfo = "sbjson-iosTests";
		};
		0764CB8414EE291300559289 /* PBXContainerItemProxy */ = {
			isa = PBXContainerItemProxy;
			containerPortal = 0764CB7114EE28CF00559289 /* SBJson.xcodeproj */;
			proxyType = 1;
			remoteGlobalIDString = BCC2626813920FC7003D9994;
			remoteInfo = "sbjson-ios";
		};
/* End PBXContainerItemProxy section */

/* Begin PBXFileReference section */
		0752581E14F04B6E00881380 /* TSCalendar.h */ = {isa = PBXFileReference; fileEncoding = 4; lastKnownFileType = sourcecode.c.h; path = TSCalendar.h; sourceTree = "<group>"; };
		0752581F14F04B6E00881380 /* TSCalendar.m */ = {isa = PBXFileReference; fileEncoding = 4; lastKnownFileType = sourcecode.c.objc; path = TSCalendar.m; sourceTree = "<group>"; };
		0752582114F05DE400881380 /* EventKit.framework */ = {isa = PBXFileReference; lastKnownFileType = wrapper.framework; name = EventKit.framework; path = System/Library/Frameworks/EventKit.framework; sourceTree = SDKROOT; };
		0752582314F0774B00881380 /* QuartzCore.framework */ = {isa = PBXFileReference; lastKnownFileType = wrapper.framework; name = QuartzCore.framework; path = System/Library/Frameworks/QuartzCore.framework; sourceTree = SDKROOT; };
		0752582514F079DB00881380 /* TSLabel.h */ = {isa = PBXFileReference; fileEncoding = 4; lastKnownFileType = sourcecode.c.h; path = TSLabel.h; sourceTree = "<group>"; };
		0752582614F079DB00881380 /* TSLabel.m */ = {isa = PBXFileReference; fileEncoding = 4; lastKnownFileType = sourcecode.c.objc; path = TSLabel.m; sourceTree = "<group>"; };
		0752582814F08A4600881380 /* NSNotificationCenter+MainThread.h */ = {isa = PBXFileReference; fileEncoding = 4; lastKnownFileType = sourcecode.c.h; path = "NSNotificationCenter+MainThread.h"; sourceTree = "<group>"; };
		0752582914F08A4700881380 /* NSNotificationCenter+MainThread.m */ = {isa = PBXFileReference; fileEncoding = 4; lastKnownFileType = sourcecode.c.objc; path = "NSNotificationCenter+MainThread.m"; sourceTree = "<group>"; };
		0752582B14F08B2D00881380 /* TSBackgroundService.h */ = {isa = PBXFileReference; fileEncoding = 4; lastKnownFileType = sourcecode.c.h; path = TSBackgroundService.h; sourceTree = "<group>"; };
		0752582C14F08B2D00881380 /* TSBackgroundService.m */ = {isa = PBXFileReference; fileEncoding = 4; lastKnownFileType = sourcecode.c.objc; path = TSBackgroundService.m; sourceTree = "<group>"; };
		0764CB3514EE287100559289 /* TodayStation.app */ = {isa = PBXFileReference; explicitFileType = wrapper.application; includeInIndex = 0; path = TodayStation.app; sourceTree = BUILT_PRODUCTS_DIR; };
		0764CB3914EE287100559289 /* UIKit.framework */ = {isa = PBXFileReference; lastKnownFileType = wrapper.framework; name = UIKit.framework; path = System/Library/Frameworks/UIKit.framework; sourceTree = SDKROOT; };
		0764CB3B14EE287100559289 /* Foundation.framework */ = {isa = PBXFileReference; lastKnownFileType = wrapper.framework; name = Foundation.framework; path = System/Library/Frameworks/Foundation.framework; sourceTree = SDKROOT; };
		0764CB3D14EE287100559289 /* CoreGraphics.framework */ = {isa = PBXFileReference; lastKnownFileType = wrapper.framework; name = CoreGraphics.framework; path = System/Library/Frameworks/CoreGraphics.framework; sourceTree = SDKROOT; };
		0764CB4114EE287100559289 /* TodayStation-Info.plist */ = {isa = PBXFileReference; lastKnownFileType = text.plist.xml; path = "TodayStation-Info.plist"; sourceTree = "<group>"; };
		0764CB4314EE287100559289 /* en */ = {isa = PBXFileReference; lastKnownFileType = text.plist.strings; name = en; path = en.lproj/InfoPlist.strings; sourceTree = "<group>"; };
		0764CB4514EE287100559289 /* main.m */ = {isa = PBXFileReference; lastKnownFileType = sourcecode.c.objc; path = main.m; sourceTree = "<group>"; };
		0764CB4714EE287100559289 /* TodayStation-Prefix.pch */ = {isa = PBXFileReference; lastKnownFileType = sourcecode.c.h; path = "TodayStation-Prefix.pch"; sourceTree = "<group>"; };
		0764CB4814EE287100559289 /* TSAppDelegate.h */ = {isa = PBXFileReference; lastKnownFileType = sourcecode.c.h; path = TSAppDelegate.h; sourceTree = "<group>"; };
		0764CB4914EE287100559289 /* TSAppDelegate.m */ = {isa = PBXFileReference; lastKnownFileType = sourcecode.c.objc; path = TSAppDelegate.m; sourceTree = "<group>"; };
		0764CB4E14EE287100559289 /* TSViewController.h */ = {isa = PBXFileReference; lastKnownFileType = sourcecode.c.h; path = TSViewController.h; sourceTree = "<group>"; };
		0764CB4F14EE287100559289 /* TSViewController.m */ = {isa = PBXFileReference; lastKnownFileType = sourcecode.c.objc; path = TSViewController.m; sourceTree = "<group>"; };
		0764CB5614EE287100559289 /* TodayStationTests.octest */ = {isa = PBXFileReference; explicitFileType = wrapper.cfbundle; includeInIndex = 0; path = TodayStationTests.octest; sourceTree = BUILT_PRODUCTS_DIR; };
		0764CB5714EE287100559289 /* SenTestingKit.framework */ = {isa = PBXFileReference; lastKnownFileType = wrapper.framework; name = SenTestingKit.framework; path = Library/Frameworks/SenTestingKit.framework; sourceTree = DEVELOPER_DIR; };
		0764CB5F14EE287100559289 /* TodayStationTests-Info.plist */ = {isa = PBXFileReference; lastKnownFileType = text.plist.xml; path = "TodayStationTests-Info.plist"; sourceTree = "<group>"; };
		0764CB6114EE287100559289 /* en */ = {isa = PBXFileReference; lastKnownFileType = text.plist.strings; name = en; path = en.lproj/InfoPlist.strings; sourceTree = "<group>"; };
		0764CB6314EE287100559289 /* TodayStationTests.h */ = {isa = PBXFileReference; lastKnownFileType = sourcecode.c.h; path = TodayStationTests.h; sourceTree = "<group>"; };
		0764CB6414EE287100559289 /* TodayStationTests.m */ = {isa = PBXFileReference; lastKnownFileType = sourcecode.c.objc; path = TodayStationTests.m; sourceTree = "<group>"; };
		0764CB7114EE28CF00559289 /* SBJson.xcodeproj */ = {isa = PBXFileReference; lastKnownFileType = "wrapper.pb-project"; name = SBJson.xcodeproj; path = SBJson_3.1alpha3/SBJson.xcodeproj; sourceTree = "<group>"; };
		0764CB8614EE299000559289 /* TSCache.h */ = {isa = PBXFileReference; fileEncoding = 4; lastKnownFileType = sourcecode.c.h; path = TSCache.h; sourceTree = "<group>"; };
		0764CB8714EE299000559289 /* TSCache.m */ = {isa = PBXFileReference; fileEncoding = 4; lastKnownFileType = sourcecode.c.objc; path = TSCache.m; sourceTree = "<group>"; };
		0764CB8914EE2A3E00559289 /* TSWeatherController.h */ = {isa = PBXFileReference; fileEncoding = 4; lastKnownFileType = sourcecode.c.h; path = TSWeatherController.h; sourceTree = "<group>"; };
		0764CB8A14EE2A3E00559289 /* TSWeatherController.m */ = {isa = PBXFileReference; fileEncoding = 4; lastKnownFileType = sourcecode.c.objc; path = TSWeatherController.m; sourceTree = "<group>"; };
		0764CB8C14EE2A8200559289 /* TSWeatherIcons.h */ = {isa = PBXFileReference; fileEncoding = 4; lastKnownFileType = sourcecode.c.h; path = TSWeatherIcons.h; sourceTree = "<group>"; };
		0764CB8D14EE2A8200559289 /* TSWeatherIcons.m */ = {isa = PBXFileReference; fileEncoding = 4; lastKnownFileType = sourcecode.c.objc; path = TSWeatherIcons.m; sourceTree = "<group>"; };
		0764CB8F14EE2AB400559289 /* TSWeatherService.h */ = {isa = PBXFileReference; fileEncoding = 4; lastKnownFileType = sourcecode.c.h; path = TSWeatherService.h; sourceTree = "<group>"; };
		0764CB9014EE2AB400559289 /* TSWeatherService.m */ = {isa = PBXFileReference; fileEncoding = 4; lastKnownFileType = sourcecode.c.objc; path = TSWeatherService.m; sourceTree = "<group>"; };
		0764CB9214EE2AFC00559289 /* TSWunderground.h */ = {isa = PBXFileReference; fileEncoding = 4; lastKnownFileType = sourcecode.c.h; path = TSWunderground.h; sourceTree = "<group>"; };
		0764CB9314EE2AFC00559289 /* TSWunderground.m */ = {isa = PBXFileReference; fileEncoding = 4; lastKnownFileType = sourcecode.c.objc; path = TSWunderground.m; sourceTree = "<group>"; };
		0764CB9514EE2B3800559289 /* TSWundergroundController.h */ = {isa = PBXFileReference; fileEncoding = 4; lastKnownFileType = sourcecode.c.h; path = TSWundergroundController.h; sourceTree = "<group>"; };
		0764CB9614EE2B3800559289 /* TSWundergroundController.m */ = {isa = PBXFileReference; fileEncoding = 4; lastKnownFileType = sourcecode.c.objc; path = TSWundergroundController.m; sourceTree = "<group>"; };
		0764CB9814EE2BE900559289 /* MainStoryboard.storyboard */ = {isa = PBXFileReference; fileEncoding = 4; lastKnownFileType = file.storyboard; path = MainStoryboard.storyboard; sourceTree = "<group>"; };
		0764CB9D14EE2E4200559289 /* TSCacheTests.h */ = {isa = PBXFileReference; fileEncoding = 4; lastKnownFileType = sourcecode.c.h; path = TSCacheTests.h; sourceTree = "<group>"; };
		0764CB9E14EE2E4200559289 /* TSCacheTests.m */ = {isa = PBXFileReference; fileEncoding = 4; lastKnownFileType = sourcecode.c.objc; path = TSCacheTests.m; sourceTree = "<group>"; };
		0764CBA314EE47A700559289 /* NSDictionary+TSUtil.h */ = {isa = PBXFileReference; fileEncoding = 4; lastKnownFileType = sourcecode.c.h; path = "NSDictionary+TSUtil.h"; sourceTree = "<group>"; };
		0764CBA414EE47A700559289 /* NSDictionary+TSUtil.m */ = {isa = PBXFileReference; fileEncoding = 4; lastKnownFileType = sourcecode.c.objc; path = "NSDictionary+TSUtil.m"; sourceTree = "<group>"; };
		0764CBA714EF241D00559289 /* TSUtil.h */ = {isa = PBXFileReference; fileEncoding = 4; lastKnownFileType = sourcecode.c.h; path = TSUtil.h; sourceTree = "<group>"; };
		0764CBA814EF241D00559289 /* TSUtil.m */ = {isa = PBXFileReference; fileEncoding = 4; lastKnownFileType = sourcecode.c.objc; path = TSUtil.m; sourceTree = "<group>"; };
		0764CBAA14EF2E3200559289 /* Settings.bundle */ = {isa = PBXFileReference; lastKnownFileType = "wrapper.plug-in"; path = Settings.bundle; sourceTree = "<group>"; };
		0764CBF414EF56B700559289 /* TODO.txt */ = {isa = PBXFileReference; lastKnownFileType = text; path = TODO.txt; sourceTree = "<group>"; };
		0764CBFD14EF635500559289 /* TSWundergroundForeCont.h */ = {isa = PBXFileReference; fileEncoding = 4; lastKnownFileType = sourcecode.c.h; path = TSWundergroundForeCont.h; sourceTree = "<group>"; };
		0764CBFE14EF635500559289 /* TSWundergroundForeCont.m */ = {isa = PBXFileReference; fileEncoding = 4; lastKnownFileType = sourcecode.c.objc; path = TSWundergroundForeCont.m; sourceTree = "<group>"; };
		0764CC0014EF792300559289 /* TSWundergroundHourlyCont.h */ = {isa = PBXFileReference; fileEncoding = 4; lastKnownFileType = sourcecode.c.h; path = TSWundergroundHourlyCont.h; sourceTree = "<group>"; };
		0764CC0114EF792300559289 /* TSWundergroundHourlyCont.m */ = {isa = PBXFileReference; fileEncoding = 4; lastKnownFileType = sourcecode.c.objc; path = TSWundergroundHourlyCont.m; sourceTree = "<group>"; };
		07C5994914F1CD7E009F5BDA /* TSLocationSearchController.h */ = {isa = PBXFileReference; fileEncoding = 4; lastKnownFileType = sourcecode.c.h; name = TSLocationSearchController.h; path = TodayStation/Classes/TSLocationSearchController.h; sourceTree = SOURCE_ROOT; };
		07C5994A14F1CD7E009F5BDA /* TSLocationSearchController.m */ = {isa = PBXFileReference; fileEncoding = 4; lastKnownFileType = sourcecode.c.objc; name = TSLocationSearchController.m; path = TodayStation/Classes/TSLocationSearchController.m; sourceTree = SOURCE_ROOT; };
		07C5994E14F1D157009F5BDA /* TempView.xib */ = {isa = PBXFileReference; fileEncoding = 4; lastKnownFileType = file.xib; path = TempView.xib; sourceTree = "<group>"; };
		07C5996414F20442009F5BDA /* TSWundergroundLocationSource.h */ = {isa = PBXFileReference; fileEncoding = 4; lastKnownFileType = sourcecode.c.h; path = TSWundergroundLocationSource.h; sourceTree = "<group>"; };
		07C5996514F20442009F5BDA /* TSWundergroundLocationSource.m */ = {isa = PBXFileReference; fileEncoding = 4; lastKnownFileType = sourcecode.c.objc; path = TSWundergroundLocationSource.m; sourceTree = "<group>"; };
		07E4C1C814F0BE73009A6AC1 /* TSLocation.h */ = {isa = PBXFileReference; fileEncoding = 4; lastKnownFileType = sourcecode.c.h; path = TSLocation.h; sourceTree = "<group>"; };
		07E4C1C914F0BE73009A6AC1 /* TSLocation.m */ = {isa = PBXFileReference; fileEncoding = 4; lastKnownFileType = sourcecode.c.objc; path = TSLocation.m; sourceTree = "<group>"; };
		07E4C1CB14F0C09D009A6AC1 /* CoreLocation.framework */ = {isa = PBXFileReference; lastKnownFileType = wrapper.framework; name = CoreLocation.framework; path = System/Library/Frameworks/CoreLocation.framework; sourceTree = SDKROOT; };
		07E4C1DA14F0DE6E009A6AC1 /* TSBusy.h */ = {isa = PBXFileReference; fileEncoding = 4; lastKnownFileType = sourcecode.c.h; path = TSBusy.h; sourceTree = "<group>"; };
		07E4C1DB14F0DE6E009A6AC1 /* TSBusy.m */ = {isa = PBXFileReference; fileEncoding = 4; lastKnownFileType = sourcecode.c.objc; path = TSBusy.m; sourceTree = "<group>"; };
/* End PBXFileReference section */

/* Begin PBXFrameworksBuildPhase section */
		0764CB3214EE287100559289 /* Frameworks */ = {
			isa = PBXFrameworksBuildPhase;
			buildActionMask = 2147483647;
			files = (
				07E4C1CC14F0C09D009A6AC1 /* CoreLocation.framework in Frameworks */,
				0752582414F0774B00881380 /* QuartzCore.framework in Frameworks */,
				0752582214F05DE400881380 /* EventKit.framework in Frameworks */,
				0764CB8314EE28F000559289 /* libsbjson-ios.a in Frameworks */,
				0764CB3A14EE287100559289 /* UIKit.framework in Frameworks */,
				0764CB3C14EE287100559289 /* Foundation.framework in Frameworks */,
				0764CB3E14EE287100559289 /* CoreGraphics.framework in Frameworks */,
			);
			runOnlyForDeploymentPostprocessing = 0;
		};
		0764CB5214EE287100559289 /* Frameworks */ = {
			isa = PBXFrameworksBuildPhase;
			buildActionMask = 2147483647;
			files = (
				0764CB5814EE287100559289 /* SenTestingKit.framework in Frameworks */,
				0764CB5914EE287100559289 /* UIKit.framework in Frameworks */,
				0764CB5A14EE287100559289 /* Foundation.framework in Frameworks */,
			);
			runOnlyForDeploymentPostprocessing = 0;
		};
/* End PBXFrameworksBuildPhase section */

/* Begin PBXGroup section */
		0752582E14F09C5800881380 /* Weather */ = {
			isa = PBXGroup;
			children = (
				0764CB8914EE2A3E00559289 /* TSWeatherController.h */,
				0764CB8A14EE2A3E00559289 /* TSWeatherController.m */,
				0764CB8C14EE2A8200559289 /* TSWeatherIcons.h */,
				0764CB8D14EE2A8200559289 /* TSWeatherIcons.m */,
				0764CB8F14EE2AB400559289 /* TSWeatherService.h */,
				0764CB9014EE2AB400559289 /* TSWeatherService.m */,
				0752582F14F09E5000881380 /* Wunderground */,
			);
			path = Weather;
			sourceTree = "<group>";
		};
		0752582F14F09E5000881380 /* Wunderground */ = {
			isa = PBXGroup;
			children = (
				0764CB9214EE2AFC00559289 /* TSWunderground.h */,
				0764CB9314EE2AFC00559289 /* TSWunderground.m */,
				07C5996414F20442009F5BDA /* TSWundergroundLocationSource.h */,
				07C5996514F20442009F5BDA /* TSWundergroundLocationSource.m */,
				0764CB9514EE2B3800559289 /* TSWundergroundController.h */,
				0764CB9614EE2B3800559289 /* TSWundergroundController.m */,
				0764CBFD14EF635500559289 /* TSWundergroundForeCont.h */,
				0764CBFE14EF635500559289 /* TSWundergroundForeCont.m */,
				0764CC0014EF792300559289 /* TSWundergroundHourlyCont.h */,
				0764CC0114EF792300559289 /* TSWundergroundHourlyCont.m */,
			);
			path = Wunderground;
			sourceTree = "<group>";
		};
		0764CB2A14EE287000559289 = {
			isa = PBXGroup;
			children = (
				0764CBF414EF56B700559289 /* TODO.txt */,
				0764CB7114EE28CF00559289 /* SBJson.xcodeproj */,
				0764CB3F14EE287100559289 /* TodayStation */,
				0764CB5D14EE287100559289 /* TodayStationTests */,
				0764CB3814EE287100559289 /* Frameworks */,
				0764CB3614EE287100559289 /* Products */,
			);
			sourceTree = "<group>";
		};
		0764CB3614EE287100559289 /* Products */ = {
			isa = PBXGroup;
			children = (
				0764CB3514EE287100559289 /* TodayStation.app */,
				0764CB5614EE287100559289 /* TodayStationTests.octest */,
			);
			name = Products;
			sourceTree = "<group>";
		};
		0764CB3814EE287100559289 /* Frameworks */ = {
			isa = PBXGroup;
			children = (
				07E4C1CB14F0C09D009A6AC1 /* CoreLocation.framework */,
				0752582314F0774B00881380 /* QuartzCore.framework */,
				0752582114F05DE400881380 /* EventKit.framework */,
				0764CB3914EE287100559289 /* UIKit.framework */,
				0764CB3B14EE287100559289 /* Foundation.framework */,
				0764CB3D14EE287100559289 /* CoreGraphics.framework */,
				0764CB5714EE287100559289 /* SenTestingKit.framework */,
			);
			name = Frameworks;
			sourceTree = "<group>";
		};
		0764CB3F14EE287100559289 /* TodayStation */ = {
			isa = PBXGroup;
			children = (
				07C5994E14F1D157009F5BDA /* TempView.xib */,
				07E4C1C714F0A2DD009A6AC1 /* Classes */,
				0764CB9814EE2BE900559289 /* MainStoryboard.storyboard */,
				0764CBAA14EF2E3200559289 /* Settings.bundle */,
				0764CB4014EE287100559289 /* Supporting Files */,
			);
			path = TodayStation;
			sourceTree = "<group>";
		};
		0764CB4014EE287100559289 /* Supporting Files */ = {
			isa = PBXGroup;
			children = (
				0764CB4114EE287100559289 /* TodayStation-Info.plist */,
				0764CB4214EE287100559289 /* InfoPlist.strings */,
				0764CB4514EE287100559289 /* main.m */,
				0764CB4714EE287100559289 /* TodayStation-Prefix.pch */,
			);
			name = "Supporting Files";
			sourceTree = "<group>";
		};
		0764CB5D14EE287100559289 /* TodayStationTests */ = {
			isa = PBXGroup;
			children = (
				0764CB6314EE287100559289 /* TodayStationTests.h */,
				0764CB6414EE287100559289 /* TodayStationTests.m */,
				0764CB5E14EE287100559289 /* Supporting Files */,
				0764CB9D14EE2E4200559289 /* TSCacheTests.h */,
				0764CB9E14EE2E4200559289 /* TSCacheTests.m */,
			);
			path = TodayStationTests;
			sourceTree = "<group>";
		};
		0764CB5E14EE287100559289 /* Supporting Files */ = {
			isa = PBXGroup;
			children = (
				0764CB5F14EE287100559289 /* TodayStationTests-Info.plist */,
				0764CB6014EE287100559289 /* InfoPlist.strings */,
			);
			name = "Supporting Files";
			sourceTree = "<group>";
		};
		0764CB7214EE28CF00559289 /* Products */ = {
			isa = PBXGroup;
			children = (
				0764CB7C14EE28CF00559289 /* SBJson.framework */,
				0764CB7E14EE28CF00559289 /* SBJsonTests.octest */,
				0764CB8014EE28CF00559289 /* libsbjson-ios.a */,
				0764CB8214EE28CF00559289 /* sbjson-iosTests.octest */,
			);
			name = Products;
			sourceTree = "<group>";
		};
		07E4C1C614F0A1FD009A6AC1 /* Util */ = {
			isa = PBXGroup;
			children = (
				0764CBA314EE47A700559289 /* NSDictionary+TSUtil.h */,
				0764CBA414EE47A700559289 /* NSDictionary+TSUtil.m */,
				0752582814F08A4600881380 /* NSNotificationCenter+MainThread.h */,
				0752582914F08A4700881380 /* NSNotificationCenter+MainThread.m */,
				0752582B14F08B2D00881380 /* TSBackgroundService.h */,
				0752582C14F08B2D00881380 /* TSBackgroundService.m */,
				0764CB8614EE299000559289 /* TSCache.h */,
				0764CB8714EE299000559289 /* TSCache.m */,
				0752582514F079DB00881380 /* TSLabel.h */,
				0752582614F079DB00881380 /* TSLabel.m */,
				0764CBA714EF241D00559289 /* TSUtil.h */,
				0764CBA814EF241D00559289 /* TSUtil.m */,
				07E4C1DA14F0DE6E009A6AC1 /* TSBusy.h */,
				07E4C1DB14F0DE6E009A6AC1 /* TSBusy.m */,
			);
			path = Util;
			sourceTree = "<group>";
		};
		07E4C1C714F0A2DD009A6AC1 /* Classes */ = {
			isa = PBXGroup;
			children = (
				0764CB4814EE287100559289 /* TSAppDelegate.h */,
				0764CB4914EE287100559289 /* TSAppDelegate.m */,
				0752581E14F04B6E00881380 /* TSCalendar.h */,
				0752581F14F04B6E00881380 /* TSCalendar.m */,
				0764CB4E14EE287100559289 /* TSViewController.h */,
				0764CB4F14EE287100559289 /* TSViewController.m */,
				07E4C1C814F0BE73009A6AC1 /* TSLocation.h */,
				07E4C1C914F0BE73009A6AC1 /* TSLocation.m */,
				07C5994914F1CD7E009F5BDA /* TSLocationSearchController.h */,
				07C5994A14F1CD7E009F5BDA /* TSLocationSearchController.m */,
				07E4C1C614F0A1FD009A6AC1 /* Util */,
				0752582E14F09C5800881380 /* Weather */,
			);
			path = Classes;
			sourceTree = "<group>";
		};
/* End PBXGroup section */

/* Begin PBXNativeTarget section */
		0764CB3414EE287100559289 /* TodayStation */ = {
			isa = PBXNativeTarget;
			buildConfigurationList = 0764CB6814EE287100559289 /* Build configuration list for PBXNativeTarget "TodayStation" */;
			buildPhases = (
				0764CB3114EE287100559289 /* Sources */,
				0764CB3214EE287100559289 /* Frameworks */,
				0764CB3314EE287100559289 /* Resources */,
			);
			buildRules = (
			);
			dependencies = (
				0764CB8514EE291300559289 /* PBXTargetDependency */,
			);
			name = TodayStation;
			productName = TodayStation;
			productReference = 0764CB3514EE287100559289 /* TodayStation.app */;
			productType = "com.apple.product-type.application";
		};
		0764CB5514EE287100559289 /* TodayStationTests */ = {
			isa = PBXNativeTarget;
			buildConfigurationList = 0764CB6B14EE287100559289 /* Build configuration list for PBXNativeTarget "TodayStationTests" */;
			buildPhases = (
				0764CB5114EE287100559289 /* Sources */,
				0764CB5214EE287100559289 /* Frameworks */,
				0764CB5314EE287100559289 /* Resources */,
				0764CB5414EE287100559289 /* ShellScript */,
			);
			buildRules = (
			);
			dependencies = (
				0764CB5C14EE287100559289 /* PBXTargetDependency */,
			);
			name = TodayStationTests;
			productName = TodayStationTests;
			productReference = 0764CB5614EE287100559289 /* TodayStationTests.octest */;
			productType = "com.apple.product-type.bundle";
		};
/* End PBXNativeTarget section */

/* Begin PBXProject section */
		0764CB2C14EE287000559289 /* Project object */ = {
			isa = PBXProject;
			attributes = {
				LastUpgradeCheck = 0420;
			};
			buildConfigurationList = 0764CB2F14EE287000559289 /* Build configuration list for PBXProject "TodayStation" */;
			compatibilityVersion = "Xcode 3.2";
			developmentRegion = English;
			hasScannedForEncodings = 0;
			knownRegions = (
				en,
			);
			mainGroup = 0764CB2A14EE287000559289;
			productRefGroup = 0764CB3614EE287100559289 /* Products */;
			projectDirPath = "";
			projectReferences = (
				{
					ProductGroup = 0764CB7214EE28CF00559289 /* Products */;
					ProjectRef = 0764CB7114EE28CF00559289 /* SBJson.xcodeproj */;
				},
			);
			projectRoot = "";
			targets = (
				0764CB3414EE287100559289 /* TodayStation */,
				0764CB5514EE287100559289 /* TodayStationTests */,
			);
		};
/* End PBXProject section */

/* Begin PBXReferenceProxy section */
		0764CB7C14EE28CF00559289 /* SBJson.framework */ = {
			isa = PBXReferenceProxy;
			fileType = wrapper.framework;
			path = SBJson.framework;
			remoteRef = 0764CB7B14EE28CF00559289 /* PBXContainerItemProxy */;
			sourceTree = BUILT_PRODUCTS_DIR;
		};
		0764CB7E14EE28CF00559289 /* SBJsonTests.octest */ = {
			isa = PBXReferenceProxy;
			fileType = wrapper.cfbundle;
			path = SBJsonTests.octest;
			remoteRef = 0764CB7D14EE28CF00559289 /* PBXContainerItemProxy */;
			sourceTree = BUILT_PRODUCTS_DIR;
		};
		0764CB8014EE28CF00559289 /* libsbjson-ios.a */ = {
			isa = PBXReferenceProxy;
			fileType = archive.ar;
			path = "libsbjson-ios.a";
			remoteRef = 0764CB7F14EE28CF00559289 /* PBXContainerItemProxy */;
			sourceTree = BUILT_PRODUCTS_DIR;
		};
		0764CB8214EE28CF00559289 /* sbjson-iosTests.octest */ = {
			isa = PBXReferenceProxy;
			fileType = wrapper.cfbundle;
			path = "sbjson-iosTests.octest";
			remoteRef = 0764CB8114EE28CF00559289 /* PBXContainerItemProxy */;
			sourceTree = BUILT_PRODUCTS_DIR;
		};
/* End PBXReferenceProxy section */

/* Begin PBXResourcesBuildPhase section */
		0764CB3314EE287100559289 /* Resources */ = {
			isa = PBXResourcesBuildPhase;
			buildActionMask = 2147483647;
			files = (
				0764CB4414EE287100559289 /* InfoPlist.strings in Resources */,
				0764CB9914EE2BE900559289 /* MainStoryboard.storyboard in Resources */,
				0764CBAB14EF2E3200559289 /* Settings.bundle in Resources */,
				07C5994F14F1D157009F5BDA /* TempView.xib in Resources */,
			);
			runOnlyForDeploymentPostprocessing = 0;
		};
		0764CB5314EE287100559289 /* Resources */ = {
			isa = PBXResourcesBuildPhase;
			buildActionMask = 2147483647;
			files = (
				0764CB6214EE287100559289 /* InfoPlist.strings in Resources */,
			);
			runOnlyForDeploymentPostprocessing = 0;
		};
/* End PBXResourcesBuildPhase section */

/* Begin PBXShellScriptBuildPhase section */
		0764CB5414EE287100559289 /* ShellScript */ = {
			isa = PBXShellScriptBuildPhase;
			buildActionMask = 2147483647;
			files = (
			);
			inputPaths = (
			);
			outputPaths = (
			);
			runOnlyForDeploymentPostprocessing = 0;
			shellPath = /bin/sh;
			shellScript = "# Run the unit tests in this test bundle.\n\"${SYSTEM_DEVELOPER_DIR}/Tools/RunUnitTests\"\n";
		};
/* End PBXShellScriptBuildPhase section */

/* Begin PBXSourcesBuildPhase section */
		0764CB3114EE287100559289 /* Sources */ = {
			isa = PBXSourcesBuildPhase;
			buildActionMask = 2147483647;
			files = (
				0764CBF314EF565800559289 /* TSUtil.m in Sources */,
				0764CBA614EE488300559289 /* NSDictionary+TSUtil.m in Sources */,
				0764CB4614EE287100559289 /* main.m in Sources */,
				0764CB4A14EE287100559289 /* TSAppDelegate.m in Sources */,
				0764CB5014EE287100559289 /* TSViewController.m in Sources */,
				0764CB8814EE299000559289 /* TSCache.m in Sources */,
				0764CB8B14EE2A3E00559289 /* TSWeatherController.m in Sources */,
				0764CB8E14EE2A8200559289 /* TSWeatherIcons.m in Sources */,
				0764CB9114EE2AB400559289 /* TSWeatherService.m in Sources */,
				0764CB9414EE2AFD00559289 /* TSWunderground.m in Sources */,
				0764CB9714EE2B3800559289 /* TSWundergroundController.m in Sources */,
				0764CBFF14EF635600559289 /* TSWundergroundForeCont.m in Sources */,
				0764CC0214EF792400559289 /* TSWundergroundHourlyCont.m in Sources */,
				0752582014F04B6E00881380 /* TSCalendar.m in Sources */,
				0752582714F079DC00881380 /* TSLabel.m in Sources */,
				0752582A14F08A4700881380 /* NSNotificationCenter+MainThread.m in Sources */,
				0752582D14F08B2E00881380 /* TSBackgroundService.m in Sources */,
				07E4C1CA14F0BE73009A6AC1 /* TSLocation.m in Sources */,
				07E4C1DC14F0DE6E009A6AC1 /* TSBusy.m in Sources */,
				07C5994B14F1CD7E009F5BDA /* TSLocationSearchController.m in Sources */,
				07C5996614F20442009F5BDA /* TSWundergroundLocationSource.m in Sources */,
			);
			runOnlyForDeploymentPostprocessing = 0;
		};
		0764CB5114EE287100559289 /* Sources */ = {
			isa = PBXSourcesBuildPhase;
			buildActionMask = 2147483647;
			files = (
				0764CB6514EE287100559289 /* TodayStationTests.m in Sources */,
				0764CB9F14EE2E4200559289 /* TSCacheTests.m in Sources */,
			);
			runOnlyForDeploymentPostprocessing = 0;
		};
/* End PBXSourcesBuildPhase section */

/* Begin PBXTargetDependency section */
		0764CB5C14EE287100559289 /* PBXTargetDependency */ = {
			isa = PBXTargetDependency;
			target = 0764CB3414EE287100559289 /* TodayStation */;
			targetProxy = 0764CB5B14EE287100559289 /* PBXContainerItemProxy */;
		};
		0764CB8514EE291300559289 /* PBXTargetDependency */ = {
			isa = PBXTargetDependency;
			name = "sbjson-ios";
			targetProxy = 0764CB8414EE291300559289 /* PBXContainerItemProxy */;
		};
/* End PBXTargetDependency section */

/* Begin PBXVariantGroup section */
		0764CB4214EE287100559289 /* InfoPlist.strings */ = {
			isa = PBXVariantGroup;
			children = (
				0764CB4314EE287100559289 /* en */,
			);
			name = InfoPlist.strings;
			sourceTree = "<group>";
		};
		0764CB6014EE287100559289 /* InfoPlist.strings */ = {
			isa = PBXVariantGroup;
			children = (
				0764CB6114EE287100559289 /* en */,
			);
			name = InfoPlist.strings;
			sourceTree = "<group>";
		};
/* End PBXVariantGroup section */

/* Begin XCBuildConfiguration section */
		0764CB6614EE287100559289 /* Debug */ = {
			isa = XCBuildConfiguration;
			buildSettings = {
				ALWAYS_SEARCH_USER_PATHS = NO;
				ARCHS = "$(ARCHS_STANDARD_32_BIT)";
				CLANG_ENABLE_OBJC_ARC = YES;
				"CODE_SIGN_IDENTITY[sdk=iphoneos*]" = "iPhone Developer";
				COPY_PHASE_STRIP = NO;
				GCC_C_LANGUAGE_STANDARD = gnu99;
				GCC_DYNAMIC_NO_PIC = NO;
				GCC_OPTIMIZATION_LEVEL = 0;
				GCC_PREPROCESSOR_DEFINITIONS = (
					"DEBUG=1",
					"$(inherited)",
				);
				GCC_SYMBOLS_PRIVATE_EXTERN = NO;
				GCC_VERSION = com.apple.compilers.llvm.clang.1_0;
				GCC_WARN_ABOUT_MISSING_PROTOTYPES = YES;
				GCC_WARN_ABOUT_RETURN_TYPE = YES;
				GCC_WARN_UNUSED_VARIABLE = YES;
				IPHONEOS_DEPLOYMENT_TARGET = 5.0;
				SDKROOT = iphoneos;
				TARGETED_DEVICE_FAMILY = 2;
			};
			name = Debug;
		};
		0764CB6714EE287100559289 /* Release */ = {
			isa = XCBuildConfiguration;
			buildSettings = {
				ALWAYS_SEARCH_USER_PATHS = NO;
				ARCHS = "$(ARCHS_STANDARD_32_BIT)";
				CLANG_ENABLE_OBJC_ARC = YES;
				"CODE_SIGN_IDENTITY[sdk=iphoneos*]" = "iPhone Developer";
				COPY_PHASE_STRIP = YES;
				GCC_C_LANGUAGE_STANDARD = gnu99;
				GCC_VERSION = com.apple.compilers.llvm.clang.1_0;
				GCC_WARN_ABOUT_MISSING_PROTOTYPES = YES;
				GCC_WARN_ABOUT_RETURN_TYPE = YES;
				GCC_WARN_UNUSED_VARIABLE = YES;
				IPHONEOS_DEPLOYMENT_TARGET = 5.0;
				OTHER_CFLAGS = "-DNS_BLOCK_ASSERTIONS=1";
				SDKROOT = iphoneos;
				TARGETED_DEVICE_FAMILY = 2;
				VALIDATE_PRODUCT = YES;
			};
			name = Release;
		};
		0764CB6914EE287100559289 /* Debug */ = {
			isa = XCBuildConfiguration;
			buildSettings = {
				GCC_PRECOMPILE_PREFIX_HEADER = YES;
				GCC_PREFIX_HEADER = "TodayStation/TodayStation-Prefix.pch";
				INFOPLIST_FILE = "TodayStation/TodayStation-Info.plist";
				PRODUCT_NAME = "$(TARGET_NAME)";
				USER_HEADER_SEARCH_PATHS = "$(SOURCE_ROOT)/SBJson_3.1alpha3/Classes";
				WRAPPER_EXTENSION = app;
			};
			name = Debug;
		};
		0764CB6A14EE287100559289 /* Release */ = {
			isa = XCBuildConfiguration;
			buildSettings = {
				GCC_PRECOMPILE_PREFIX_HEADER = YES;
				GCC_PREFIX_HEADER = "TodayStation/TodayStation-Prefix.pch";
				INFOPLIST_FILE = "TodayStation/TodayStation-Info.plist";
				PRODUCT_NAME = "$(TARGET_NAME)";
				USER_HEADER_SEARCH_PATHS = "$(SOURCE_ROOT)/SBJson_3.1alpha3/Classes";
				WRAPPER_EXTENSION = app;
			};
			name = Release;
		};
		0764CB6C14EE287100559289 /* Debug */ = {
			isa = XCBuildConfiguration;
			buildSettings = {
				BUNDLE_LOADER = "$(BUILT_PRODUCTS_DIR)/TodayStation.app/TodayStation";
				FRAMEWORK_SEARCH_PATHS = (
					"$(SDKROOT)/Developer/Library/Frameworks",
					"$(DEVELOPER_LIBRARY_DIR)/Frameworks",
				);
				GCC_PRECOMPILE_PREFIX_HEADER = YES;
				GCC_PREFIX_HEADER = "TodayStation/TodayStation-Prefix.pch";
				INFOPLIST_FILE = "TodayStationTests/TodayStationTests-Info.plist";
				PRODUCT_NAME = "$(TARGET_NAME)";
				TEST_HOST = "$(BUNDLE_LOADER)";
				WRAPPER_EXTENSION = octest;
			};
			name = Debug;
		};
		0764CB6D14EE287100559289 /* Release */ = {
			isa = XCBuildConfiguration;
			buildSettings = {
				BUNDLE_LOADER = "$(BUILT_PRODUCTS_DIR)/TodayStation.app/TodayStation";
				FRAMEWORK_SEARCH_PATHS = (
					"$(SDKROOT)/Developer/Library/Frameworks",
					"$(DEVELOPER_LIBRARY_DIR)/Frameworks",
				);
				GCC_PRECOMPILE_PREFIX_HEADER = YES;
				GCC_PREFIX_HEADER = "TodayStation/TodayStation-Prefix.pch";
				INFOPLIST_FILE = "TodayStationTests/TodayStationTests-Info.plist";
				PRODUCT_NAME = "$(TARGET_NAME)";
				TEST_HOST = "$(BUNDLE_LOADER)";
				WRAPPER_EXTENSION = octest;
			};
			name = Release;
		};
/* End XCBuildConfiguration section */

/* Begin XCConfigurationList section */
		0764CB2F14EE287000559289 /* Build configuration list for PBXProject "TodayStation" */ = {
			isa = XCConfigurationList;
			buildConfigurations = (
				0764CB6614EE287100559289 /* Debug */,
				0764CB6714EE287100559289 /* Release */,
			);
			defaultConfigurationIsVisible = 0;
			defaultConfigurationName = Release;
		};
		0764CB6814EE287100559289 /* Build configuration list for PBXNativeTarget "TodayStation" */ = {
			isa = XCConfigurationList;
			buildConfigurations = (
				0764CB6914EE287100559289 /* Debug */,
				0764CB6A14EE287100559289 /* Release */,
			);
			defaultConfigurationIsVisible = 0;
			defaultConfigurationName = Release;
		};
		0764CB6B14EE287100559289 /* Build configuration list for PBXNativeTarget "TodayStationTests" */ = {
			isa = XCConfigurationList;
			buildConfigurations = (
				0764CB6C14EE287100559289 /* Debug */,
				0764CB6D14EE287100559289 /* Release */,
			);
			defaultConfigurationIsVisible = 0;
			defaultConfigurationName = Release;
		};
/* End XCConfigurationList section */
	};
	rootObject = 0764CB2C14EE287000559289 /* Project object */;
}
